// !$*UTF8*$!
{
	archiveVersion = 1;
	classes = {
	};
	objectVersion = 54;
	objects = {

/* Begin PBXBuildFile section */
		002BD0B8759AFD7D9FF0722D /* SurfaceView.swift in Sources */ = {isa = PBXBuildFile; fileRef = E8FD3867841D354EF7DC927E /* SurfaceView.swift */; };
		02E9098CF397AA83449E9470 /* SessionBrowserView.swift in Sources */ = {isa = PBXBuildFile; fileRef = 18C5E1656493016A3F3C557A /* SessionBrowserView.swift */; };
		0446266D60A86FE9DEA4267B /* TmuxSizingDebugTests.swift in Sources */ = {isa = PBXBuildFile; fileRef = 9ABB9E42A3C412F5F514FB01 /* TmuxSizingDebugTests.swift */; };
		0854EC4CE6F91C4C861F40FC /* ConfigIntrospectionTests.swift in Sources */ = {isa = PBXBuildFile; fileRef = 0CAC9DCC0899FA35FE311EE6 /* ConfigIntrospectionTests.swift */; };
		0A37153A92A17617EB5BB322 /* TmuxModelsTests.swift in Sources */ = {isa = PBXBuildFile; fileRef = 8322A2A032401343DA2BA6A8 /* TmuxModelsTests.swift */; };
		0A9959AB04D8C9BF23AE4897 /* ConnectionEditorView.swift in Sources */ = {isa = PBXBuildFile; fileRef = B21DBF19F2BF0FF8520F272C /* ConnectionEditorView.swift */; };
		0BB178B325F45FFAC93FBDB7 /* ConnectionEditorValidationTests.swift in Sources */ = {isa = PBXBuildFile; fileRef = 08F538EE2BDEE6AC01B475A6 /* ConnectionEditorValidationTests.swift */; };
		0C63640E65D572A0343EB779 /* TmuxDataFlowTests.swift in Sources */ = {isa = PBXBuildFile; fileRef = 9754801E85044FEAFC5CB6AB /* TmuxDataFlowTests.swift */; };
		0CCDAA28F76EA27A498FD1CF /* GhosttyInputTests.swift in Sources */ = {isa = PBXBuildFile; fileRef = ECD85B34BF26455563D27619 /* GhosttyInputTests.swift */; };
		0E1610528605EBC7432E6394 /* ToolbarTests.swift in Sources */ = {isa = PBXBuildFile; fileRef = 785F2348D2DF230369B61232 /* ToolbarTests.swift */; };
		0E32037502AB4850A9CBDFB6 /* RuntimeEnvironment.swift in Sources */ = {isa = PBXBuildFile; fileRef = 5D4A82A06C1AC45D4CA22D0C /* RuntimeEnvironment.swift */; };
		0EE0F2378D1F26868D18711B /* TmuxWindowTests.swift in Sources */ = {isa = PBXBuildFile; fileRef = 9FB6FAF1723AA7D0C54E131C /* TmuxWindowTests.swift */; };
		10E5843EC57C12B4F0AF7896 /* ConnectionEditorTests.swift in Sources */ = {isa = PBXBuildFile; fileRef = E2D80E178814DB6D31AF2A01 /* ConnectionEditorTests.swift */; };
		12396D23475EB9CD3F9F9335 /* FontPickerTests.swift in Sources */ = {isa = PBXBuildFile; fileRef = 765A4B7772C85664C4948110 /* FontPickerTests.swift */; };
		128F3C170386946639CD9C4D /* FontSizeTests.swift in Sources */ = {isa = PBXBuildFile; fileRef = 39B16F6D47078BE4A4EC3797 /* FontSizeTests.swift */; };
		141EFABA13E3DDD338CD50AE /* SettingsView.swift in Sources */ = {isa = PBXBuildFile; fileRef = B90E5A1556A9658C110B69F5 /* SettingsView.swift */; };
		145C16CC1EA8BF3D1F952F6C /* WindowPicker.swift in Sources */ = {isa = PBXBuildFile; fileRef = 2E311373064A73DBD46A65AE /* WindowPicker.swift */; };
		152E8603138FA36ECA54127D /* TmuxSplitTreeTests.swift in Sources */ = {isa = PBXBuildFile; fileRef = 5C71DBCCDA83BFF0F1905210 /* TmuxSplitTreeTests.swift */; };
		160AC8E8E30996F5F014D96F /* WindowPickerView.swift in Sources */ = {isa = PBXBuildFile; fileRef = BD9923B863BCD8C1A0958EC2 /* WindowPickerView.swift */; };
		1B3B0ADFFA67D6A16263570C /* TmuxLayout.swift in Sources */ = {isa = PBXBuildFile; fileRef = 34755ED187BD9601F0832774 /* TmuxLayout.swift */; };
		1C3C642D1BF33B03B997A3A7 /* ThemeManager.swift in Sources */ = {isa = PBXBuildFile; fileRef = F77E6F5EB4AED6C854B72119 /* ThemeManager.swift */; };
		1C9BD93025195197EA1C55F9 /* iTTYApp.swift in Sources */ = {isa = PBXBuildFile; fileRef = 89E6404560FFE7D2BA4A4930 /* iTTYApp.swift */; };
		1D729C3624EA08976526668A /* OrientationTests.swift in Sources */ = {isa = PBXBuildFile; fileRef = 76F95F98A2F573FD16A048CD /* OrientationTests.swift */; };
		1E3F6E2EDC1BA2C6804CCF19 /* KeyboardShortcutRoutingTests.swift in Sources */ = {isa = PBXBuildFile; fileRef = 4DE0A9556D48EBD74459E1F5 /* KeyboardShortcutRoutingTests.swift */; };
		1F3ACBDAFA9727945984B48D /* SessionBrowserViewModelTests.swift in Sources */ = {isa = PBXBuildFile; fileRef = DF85880ACAFE43A6FFC3B6C0 /* SessionBrowserViewModelTests.swift */; };
		2218304C72E9720098831043 /* SplitView.swift in Sources */ = {isa = PBXBuildFile; fileRef = E1A3B72B5D992A74B901E67D /* SplitView.swift */; };
		243EF1656AD4FE840B9F7C87 /* Shortcuts.swift in Sources */ = {isa = PBXBuildFile; fileRef = 89920EE54FE5B80F8B879BA5 /* Shortcuts.swift */; };
		24D9B6AD4AF825992D8680E8 /* BonjourBrowserTests.swift in Sources */ = {isa = PBXBuildFile; fileRef = 085A5F4B879D7A8F6DE59977 /* BonjourBrowserTests.swift */; };
		265EC84EC49FAC58AE7D3757 /* MultiPaneView.swift in Sources */ = {isa = PBXBuildFile; fileRef = C82636D94823B4FAE5527176 /* MultiPaneView.swift */; };
		28A52FE031C352ED39A554F1 /* KeychainManagerTests.swift in Sources */ = {isa = PBXBuildFile; fileRef = 6FC8C3A7D60D413AD3A167F4 /* KeychainManagerTests.swift */; };
		29BCBEACFB28B26A837B5DE9 /* KeychainTestSupport.swift in Sources */ = {isa = PBXBuildFile; fileRef = 655E3B224481BE341D5C0BEB /* KeychainTestSupport.swift */; };
		2FFEB44AB48BA6921467BB49 /* UITestHelpers.swift in Sources */ = {isa = PBXBuildFile; fileRef = 8BEC0FC6651D91DE19779C4E /* UITestHelpers.swift */; };
		30515F125F694451659E0A44 /* SurfaceConfiguration.swift in Sources */ = {isa = PBXBuildFile; fileRef = 1B0756ACEC45D927C4DE0E95 /* SurfaceConfiguration.swift */; };
		305A350CF79D13A74EB7EE57 /* TailscaleDiscoveryService.swift in Sources */ = {isa = PBXBuildFile; fileRef = BE88E2DB2F1912CDC467CF02 /* TailscaleDiscoveryService.swift */; };
		309A40C9D19D662CC3734A70 /* TmuxViewerReadyTests.swift in Sources */ = {isa = PBXBuildFile; fileRef = 0579CCE925FB6028604FBFF4 /* TmuxViewerReadyTests.swift */; };
		343380E3F59CCFA912AB22F6 /* SessionRowView.swift in Sources */ = {isa = PBXBuildFile; fileRef = 49635832EFEEDCF42A7ED0F4 /* SessionRowView.swift */; };
		37CADB2B79A96450D7DB0BD4 /* SSHKeyParser.swift in Sources */ = {isa = PBXBuildFile; fileRef = 1B4C0444AFED6CB1CCB8C989 /* SSHKeyParser.swift */; };
		3928263C31980A8163B4B9D7 /* ErrorViewTests.swift in Sources */ = {isa = PBXBuildFile; fileRef = A9B579D38175F4B8D0411F10 /* ErrorViewTests.swift */; };
		3A23D94CA7B759F6247C473B /* GhosttyConfig.swift in Sources */ = {isa = PBXBuildFile; fileRef = 55935CF2F7181A7644B37903 /* GhosttyConfig.swift */; };
		3ACCAE952A09752E58CF2DF0 /* DaemonEventStream.swift in Sources */ = {isa = PBXBuildFile; fileRef = 0910299308AAC5A39D44EDDC /* DaemonEventStream.swift */; };
		3C89BFFF4797E17FF828696C /* ConnectionProfile.swift in Sources */ = {isa = PBXBuildFile; fileRef = C507B5FEE52DE98DC349D409 /* ConnectionProfile.swift */; };
		3E664B6B26CF409C4007FF34 /* ResizeTimingTests.swift in Sources */ = {isa = PBXBuildFile; fileRef = 7337633C4FEE497E57D95CED /* ResizeTimingTests.swift */; };
		3F5AD3D2B8E619C9117614FF /* CredentialProvider.swift in Sources */ = {isa = PBXBuildFile; fileRef = BD0987428A180C27A0837864 /* CredentialProvider.swift */; };
		425B43BDE80E96DCB5CC7A57 /* ProfileCRUDTests.swift in Sources */ = {isa = PBXBuildFile; fileRef = 445A1B5713CA5182A66958B4 /* ProfileCRUDTests.swift */; };
		4285B0225672B7E4836695FD /* SettingsValueChangeTests.swift in Sources */ = {isa = PBXBuildFile; fileRef = DAE6CD22781ABBD110178514 /* SettingsValueChangeTests.swift */; };
		44795F46C9B3B10A9E1F39F4 /* CommandPaletteTests.swift in Sources */ = {isa = PBXBuildFile; fileRef = F1CBACDA6405136279766CD2 /* CommandPaletteTests.swift */; };
		44C1247C4B7B29AF9639B2D9 /* Toolbar.swift in Sources */ = {isa = PBXBuildFile; fileRef = 95329530F409B47EC9940686 /* Toolbar.swift */; };
		45F2BA6653EE95F643054ED8 /* Commands.swift in Sources */ = {isa = PBXBuildFile; fileRef = 39B1E0232F9C3AE88EE2E8A3 /* Commands.swift */; };
		47AAEFBEC7CFBA79DF9EF3BD /* SSHKeyGeneratorTests.swift in Sources */ = {isa = PBXBuildFile; fileRef = 05B51FE2C891D09BAC796762 /* SSHKeyGeneratorTests.swift */; };
		492AD8F2CEF860D462E01C1A /* TestConfig.example.swift in Sources */ = {isa = PBXBuildFile; fileRef = 11765BC7AA36CB20FD557B42 /* TestConfig.example.swift */; };
		49FDD43C440092A5A6B1EEB6 /* AddMachineView.swift in Sources */ = {isa = PBXBuildFile; fileRef = BB97FB2636C029BF82EF92A4 /* AddMachineView.swift */; };
		4A7E71D439AB944DB59E833E /* TailscaleDiscoveryServiceTests.swift in Sources */ = {isa = PBXBuildFile; fileRef = 42DDDB4DB5D32B49B5545910 /* TailscaleDiscoveryServiceTests.swift */; };
		4D4425B1D24B7FFC7568FA61 /* GhosttyRuntime.swift in Sources */ = {isa = PBXBuildFile; fileRef = D7E07B0168112FB43CA2607B /* GhosttyRuntime.swift */; };
		4E4CDBB12CE48E0E2A17526E /* DaemonClientTests.swift in Sources */ = {isa = PBXBuildFile; fileRef = 73150D8D01733D913899CD53 /* DaemonClientTests.swift */; };
		4ED4B65ADB7DCF263CBF6422 /* MachineListView.swift in Sources */ = {isa = PBXBuildFile; fileRef = 54526F2990A9C3D7D94970DD /* MachineListView.swift */; };
		4FC86A379F48DFC5772B9399 /* ConnectionProfileTests.swift in Sources */ = {isa = PBXBuildFile; fileRef = 732CAE9570E50165EC265D9F /* ConnectionProfileTests.swift */; };
		53B107BC877060B1A47324FB /* MockSSHSessionDelegate.swift in Sources */ = {isa = PBXBuildFile; fileRef = 241BFA2D711F0EA98DDB5B6D /* MockSSHSessionDelegate.swift */; };
		54C67C0DAF0F4A446A87644B /* NotificationManager.swift in Sources */ = {isa = PBXBuildFile; fileRef = EBDCE8FFC372ECC9025FD815 /* NotificationManager.swift */; };
		59CB940D2A4A88432FDA718F /* GhosttyKit.xcframework in Frameworks */ = {isa = PBXBuildFile; fileRef = A7861EDDE355033B260130DA /* GhosttyKit.xcframework */; };
		5A506947361CFB25627BEEC9 /* MenuBar.swift in Sources */ = {isa = PBXBuildFile; fileRef = 6E09E2A7D9DB01DC430063AD /* MenuBar.swift */; };
		5C82F79B585FB2E7FAC5F63F /* FontMapping.swift in Sources */ = {isa = PBXBuildFile; fileRef = 974A4F4531D9969CB43BBA03 /* FontMapping.swift */; };
		5D3A1F1DB701288508205279 /* TmuxSessionNameResolver.swift in Sources */ = {isa = PBXBuildFile; fileRef = 6CF27857C1B6A290806914CA /* TmuxSessionNameResolver.swift */; };
		5DA5494FEDF42F21095B8BC1 /* TmuxWireDiagnosticsTests.swift in Sources */ = {isa = PBXBuildFile; fileRef = 01DCCC414152577B469C471E /* TmuxWireDiagnosticsTests.swift */; };
		633701A94E8CE4697E85887B /* TmuxLayoutTests.swift in Sources */ = {isa = PBXBuildFile; fileRef = BB4FD759D460AB3AFBCE48C8 /* TmuxLayoutTests.swift */; };
		672EB1B91D80599502880149 /* TerminalContainerView.swift in Sources */ = {isa = PBXBuildFile; fileRef = 584323531CBBA224C78243F8 /* TerminalContainerView.swift */; };
		6A0A55C35FC72B28D5B0C959 /* ContentView.swift in Sources */ = {isa = PBXBuildFile; fileRef = D12FF5A80D375DEDA6F66166 /* ContentView.swift */; };
		6D1209E2022E0529B84C7726 /* TailscaleVPNDetector.swift in Sources */ = {isa = PBXBuildFile; fileRef = 58977D2E4F51F13C69075ABE /* TailscaleVPNDetector.swift */; };
		6E8D2AF0963D18B64973DBEB /* QuickConnectSheetTests.swift in Sources */ = {isa = PBXBuildFile; fileRef = 8CDB390A7750546D7FD3065F /* QuickConnectSheetTests.swift */; };
		6F5A4A21A9D0C952AE79D3A8 /* TerminalBasicTests.swift in Sources */ = {isa = PBXBuildFile; fileRef = A49D0A6FC4BFAB85AE6059CA /* TerminalBasicTests.swift */; };
		72FD0849D38E3BE937C00E37 /* ThemePickerTests.swift in Sources */ = {isa = PBXBuildFile; fileRef = 2E6BE7AAA364FF509877A78F /* ThemePickerTests.swift */; };
		77418DA2D5E2ABFD93255FDA /* BonjourBrowser.swift in Sources */ = {isa = PBXBuildFile; fileRef = 0C513048BAFC7B7620AF49C2 /* BonjourBrowser.swift */; };
		7857C966F0EAF8EC2B244060 /* ConnectedTests.swift in Sources */ = {isa = PBXBuildFile; fileRef = AD289911CA82ED2858446607 /* ConnectedTests.swift */; };
		7902F48E21598998ED52D811 /* NIOSSH in Frameworks */ = {isa = PBXBuildFile; productRef = 9891D0232BB27D4D0F7FDD68 /* NIOSSH */; };
		7A5AA906F5F9B27DAB90F173 /* LaunchTests.swift in Sources */ = {isa = PBXBuildFile; fileRef = 9E3BC41545F961EBDF5F428D /* LaunchTests.swift */; };
		7E3AE275C5E815607D1B609B /* GhosttyKit.xcframework in Embed Frameworks */ = {isa = PBXBuildFile; fileRef = A7861EDDE355033B260130DA /* GhosttyKit.xcframework */; settings = {ATTRIBUTES = (CodeSignOnCopy, RemoveHeadersOnCopy, ); }; };
		7F271273E289BCAD1B540CC1 /* TmuxConnectionLifecycleTests.swift in Sources */ = {isa = PBXBuildFile; fileRef = B5C2FCEBB8149E4ADC0F1142 /* TmuxConnectionLifecycleTests.swift */; };
		814CF15FEF95B8A64A1EAA8C /* NIOSSHConnection.swift in Sources */ = {isa = PBXBuildFile; fileRef = B4B8628F8ADA28B0904728E2 /* NIOSSHConnection.swift */; };
		8249CE2502A9E6DAFD5B09FA /* ConfigSyncManager.swift in Sources */ = {isa = PBXBuildFile; fileRef = AA73F1E462E954DDCF296C53 /* ConfigSyncManager.swift */; };
		85D9EC4AD5FEAFC5065CAE8F /* ConfigSyncThemeTests.swift in Sources */ = {isa = PBXBuildFile; fileRef = EAF9BB680753D40C9B70B1FF /* ConfigSyncThemeTests.swift */; };
		87CB43981BF29D86D9056E92 /* SearchTests.swift in Sources */ = {isa = PBXBuildFile; fileRef = 9C460BEE0D2F67B6CCD023E2 /* SearchTests.swift */; };
		889944CF4A14831F6FB966FC /* SearchState.swift in Sources */ = {isa = PBXBuildFile; fileRef = 108EE6F1D2E0380DA87A05AA /* SearchState.swift */; };
		8B70171A190D81A02C94A143 /* SSHKeyManagerTests.swift in Sources */ = {isa = PBXBuildFile; fileRef = 6931E24FC972AA059A041419 /* SSHKeyManagerTests.swift */; };
		8CDB4BDBF72EED50E81513C9 /* BiometricGatekeeper.swift in Sources */ = {isa = PBXBuildFile; fileRef = B1DA6D05CB973C30F21DEB1B /* BiometricGatekeeper.swift */; };
		8EEE5B8EEBEB733EE929CA16 /* SSHCommandRunner.swift in Sources */ = {isa = PBXBuildFile; fileRef = B90818097C4624E116ABB09C /* SSHCommandRunner.swift */; };
		95887147A839A82C76FAACA5 /* SavedSession.swift in Sources */ = {isa = PBXBuildFile; fileRef = AADFBD0549E1B7C573D233EF /* SavedSession.swift */; };
		9799D3F3CA00D47C5630C090 /* StatusBarView.swift in Sources */ = {isa = PBXBuildFile; fileRef = 1AAF28BE25093E6B01B834D6 /* StatusBarView.swift */; };
		97EC3F7BE5BEB5F7D030EE75 /* TmuxSessionNameResolverTests.swift in Sources */ = {isa = PBXBuildFile; fileRef = FCE88BE4DEA623C4BD872BF2 /* TmuxSessionNameResolverTests.swift */; };
		99F2E9E7BA9BCB349DFBC5AF /* KeychainManager.swift in Sources */ = {isa = PBXBuildFile; fileRef = A8F0322DA4233EB4EC60769E /* KeychainManager.swift */; };
		9D4DCC92D758D7109D25C2DA /* SSHKeyManagerTests.swift in Sources */ = {isa = PBXBuildFile; fileRef = CF8B365A42E1AD3BE743A64D /* SSHKeyManagerTests.swift */; };
		A0D26D177CD79839479DDDBB /* TmuxSessionManager.swift in Sources */ = {isa = PBXBuildFile; fileRef = ED2FA33851210847C3D2FA44 /* TmuxSessionManager.swift */; };
		A74775B6CC05505CFD310DC0 /* DaemonClient.swift in Sources */ = {isa = PBXBuildFile; fileRef = 550F2177E3DFB8B8CE3F8D71 /* DaemonClient.swift */; };
		AD02EA55E03325B51E1F8A71 /* TmuxSessionManagerTests.swift in Sources */ = {isa = PBXBuildFile; fileRef = E8593B7F2F72BE1D30AC72B6 /* TmuxSessionManagerTests.swift */; };
		AD912E1FEBC7192EFDD9D027 /* TmuxModels.swift in Sources */ = {isa = PBXBuildFile; fileRef = FF73231D7DF9475E39BEBA4A /* TmuxModels.swift */; };
		AF67CAAAD3D9289F5D781CF8 /* TmuxSplitTree.swift in Sources */ = {isa = PBXBuildFile; fileRef = 3E7F2DCB694802413C68E092 /* TmuxSplitTree.swift */; };
		B3D8F403829EEAC6F9ACCA99 /* SSHKeyManager.swift in Sources */ = {isa = PBXBuildFile; fileRef = 846D8C478925C291A8B99329 /* SSHKeyManager.swift */; };
		B48DFE212E2C8B5BBD279A53 /* KeyTableIndicator.swift in Sources */ = {isa = PBXBuildFile; fileRef = 776B1AF8CB91871D72097E77 /* KeyTableIndicator.swift */; };
		B50587FF9E9151E59626C20B /* QuickConnectInlineTests.swift in Sources */ = {isa = PBXBuildFile; fileRef = 31ACF22405120DD04BE88AD9 /* QuickConnectInlineTests.swift */; };
		BC063ABE4A330B2A25FE06EC /* FontMappingTests.swift in Sources */ = {isa = PBXBuildFile; fileRef = EDBC12EF5576A50474C45BED /* FontMappingTests.swift */; };
		BEE24F566A045AB166A65074 /* TmuxPane.swift in Sources */ = {isa = PBXBuildFile; fileRef = C94A26BD17AC920E4BA0A0AB /* TmuxPane.swift */; };
		C00A0001F20E373D95EC2CF5 /* SearchOverlay.swift in Sources */ = {isa = PBXBuildFile; fileRef = 6A495B353FAE4F40AF5EC8B7 /* SearchOverlay.swift */; };
		C273F239ECC9ABC91906DD67 /* NIOTransportServices in Frameworks */ = {isa = PBXBuildFile; productRef = A512D79691507DF751CF6117 /* NIOTransportServices */; };
		C45297F70F13CD822EF1C569 /* iTTYUITests.swift in Sources */ = {isa = PBXBuildFile; fileRef = 9A886C3036E27D158C1A3222 /* iTTYUITests.swift */; };
		C472273F6A6B251C74F8E9DC /* TmuxPaneUITests.swift in Sources */ = {isa = PBXBuildFile; fileRef = 2C2C2CFEB08060B4FAA571F3 /* TmuxPaneUITests.swift */; };
		C6CBEE1601F40B3EFA7F614D /* Search.swift in Sources */ = {isa = PBXBuildFile; fileRef = 10E51B82B0750E1E0A7EA10B /* Search.swift */; };
		CA3A6BD11F7F9F5E372783E7 /* TailscaleDiscoveryView.swift in Sources */ = {isa = PBXBuildFile; fileRef = 3AFF206A02484E1334821E73 /* TailscaleDiscoveryView.swift */; };
		CAE951967370BBDCB85FDF96 /* SplitPaneTests.swift in Sources */ = {isa = PBXBuildFile; fileRef = C98B55D6CDCB3ACBDC373B26 /* SplitPaneTests.swift */; };
		CCD6623388D3675373D8ADE8 /* BackgroundTaskTests.swift in Sources */ = {isa = PBXBuildFile; fileRef = E321CF89BCA06040403F26FF /* BackgroundTaskTests.swift */; };
		CF5925005E301BC240055AC4 /* SSHKeyParserTests.swift in Sources */ = {isa = PBXBuildFile; fileRef = 4E19DF4D238359A33F8B2873 /* SSHKeyParserTests.swift */; };
		D0415FB9B37173288BB07FFD /* SelectionOverlayTests.swift in Sources */ = {isa = PBXBuildFile; fileRef = DAD95C99FACE28432EAA4B2C /* SelectionOverlayTests.swift */; };
		D10EC33A58D968732993339A /* MachineStoreTests.swift in Sources */ = {isa = PBXBuildFile; fileRef = C625B315CAFD7C3B7B277ED6 /* MachineStoreTests.swift */; };
		D314200292C4195ECD8CBD4A /* InputTranslation.swift in Sources */ = {isa = PBXBuildFile; fileRef = AFFD1BF4213431425CDC7D92 /* InputTranslation.swift */; };
		D3B24F0FE3670446F2C99DF4 /* LayoutStabilityTests.swift in Sources */ = {isa = PBXBuildFile; fileRef = CA5F52FD84EA35C011964688 /* LayoutStabilityTests.swift */; };
		D52D85E85666F70FA77E3B3F /* SettingsTests.swift in Sources */ = {isa = PBXBuildFile; fileRef = DF99801DB975D1D5F5B1771D /* SettingsTests.swift */; };
		DFE4CBDD333A14EF782F2827 /* StressTests.swift in Sources */ = {isa = PBXBuildFile; fileRef = 2591F53177BE7577807C73E4 /* StressTests.swift */; };
		E1BEAAD10DFD7C155AC0440E /* SelectionOverlay.swift in Sources */ = {isa = PBXBuildFile; fileRef = 97DA4669F88FCFFA89AF8358 /* SelectionOverlay.swift */; };
		E517435C31F402DCFDAF323C /* SessionPickerView.swift in Sources */ = {isa = PBXBuildFile; fileRef = F32608AB8D206270107FFF94 /* SessionPickerView.swift */; };
		E6BBB2A4EAD876EA8B4AFE34 /* ConnectionHealthIndicator.swift in Sources */ = {isa = PBXBuildFile; fileRef = 591CE88A99F1927398E08ABE /* ConnectionHealthIndicator.swift */; };
		E73712E78BC0AF639D297A91 /* CommandPalette.swift in Sources */ = {isa = PBXBuildFile; fileRef = 56854BD8F5785C232167047E /* CommandPalette.swift */; };
		EAF4B5FEA709ADD3E069640F /* CommandPaletteTests.swift in Sources */ = {isa = PBXBuildFile; fileRef = B8109AA650B648293EBF8FB7 /* CommandPaletteTests.swift */; };
		EC982D37B3B29F4B61E9F83C /* TmuxWireDiagnostics.swift in Sources */ = {isa = PBXBuildFile; fileRef = E3A0178FD14EEB7A0800E188 /* TmuxWireDiagnostics.swift */; };
		ECED2513E47CC98D57DB801C /* Keyboard.swift in Sources */ = {isa = PBXBuildFile; fileRef = C17752EF768FA326DF42E0F2 /* Keyboard.swift */; };
		ED027CC62E00C71681AF5DC0 /* TmuxStateReconciliationTests.swift in Sources */ = {isa = PBXBuildFile; fileRef = B1DAF5F6FC644DC792F94F45 /* TmuxStateReconciliationTests.swift */; };
		EFD9C5242AE7B6E14F735CC7 /* StatusBar.swift in Sources */ = {isa = PBXBuildFile; fileRef = 0791025EA56C3BBFAA167780 /* StatusBar.swift */; };
		F104F16C7D27FB9948D8EF1B /* SSHSession.swift in Sources */ = {isa = PBXBuildFile; fileRef = F3009E91DBABB9A03673DACA /* SSHSession.swift */; };
		F15149A1F6D14D6BD77D153A /* Machine.swift in Sources */ = {isa = PBXBuildFile; fileRef = C7D93CAD4F8CA7D51633A1F5 /* Machine.swift */; };
		F17E3ABA7F93EE513358F3DB /* TmuxSurfaceProtocol.swift in Sources */ = {isa = PBXBuildFile; fileRef = 8112AC1AE0ED1E0CFE1BC9B8 /* TmuxSurfaceProtocol.swift */; };
		F92C96203F070688873F9CF9 /* MockTmuxSurface.swift in Sources */ = {isa = PBXBuildFile; fileRef = B199D34EFB5E1772BC22F036 /* MockTmuxSurface.swift */; };
		FAB8036659AB8736A96BFCF3 /* MenuBarTests.swift in Sources */ = {isa = PBXBuildFile; fileRef = D551C2E99BDE3E479A731468 /* MenuBarTests.swift */; };
		FB73E08EA1B6017006DCE215 /* ConnectionListTests.swift in Sources */ = {isa = PBXBuildFile; fileRef = A100374A8423A3F7987D51BC /* ConnectionListTests.swift */; };
		FE109D2A5EA182345189F04F /* ConnectionListView.swift in Sources */ = {isa = PBXBuildFile; fileRef = 684B8E33A6A8AF70413D6BDB /* ConnectionListView.swift */; };
/* End PBXBuildFile section */

/* Begin PBXContainerItemProxy section */
		2736A854EA1171520C8F9339 /* PBXContainerItemProxy */ = {
			isa = PBXContainerItemProxy;
			containerPortal = BE9A731A400C400490F553C2 /* Project object */;
			proxyType = 1;
			remoteGlobalIDString = DA276B6CF8109A09538E2D36;
			remoteInfo = iTTY;
		};
		8A11B62E3B79A2013EFDD193 /* PBXContainerItemProxy */ = {
			isa = PBXContainerItemProxy;
			containerPortal = BE9A731A400C400490F553C2 /* Project object */;
			proxyType = 1;
			remoteGlobalIDString = DA276B6CF8109A09538E2D36;
			remoteInfo = iTTY;
		};
/* End PBXContainerItemProxy section */

/* Begin PBXCopyFilesBuildPhase section */
		879AAA0CABF6D06BA0D35AF3 /* Embed Frameworks */ = {
			isa = PBXCopyFilesBuildPhase;
			buildActionMask = 2147483647;
			dstPath = "";
			dstSubfolderSpec = 10;
			files = (
				7E3AE275C5E815607D1B609B /* GhosttyKit.xcframework in Embed Frameworks */,
			);
			name = "Embed Frameworks";
			runOnlyForDeploymentPostprocessing = 0;
		};
/* End PBXCopyFilesBuildPhase section */

/* Begin PBXFileReference section */
		01DCCC414152577B469C471E /* TmuxWireDiagnosticsTests.swift */ = {isa = PBXFileReference; lastKnownFileType = sourcecode.swift; path = TmuxWireDiagnosticsTests.swift; sourceTree = "<group>"; };
		0579CCE925FB6028604FBFF4 /* TmuxViewerReadyTests.swift */ = {isa = PBXFileReference; lastKnownFileType = sourcecode.swift; path = TmuxViewerReadyTests.swift; sourceTree = "<group>"; };
		05B51FE2C891D09BAC796762 /* SSHKeyGeneratorTests.swift */ = {isa = PBXFileReference; lastKnownFileType = sourcecode.swift; path = SSHKeyGeneratorTests.swift; sourceTree = "<group>"; };
		0791025EA56C3BBFAA167780 /* StatusBar.swift */ = {isa = PBXFileReference; lastKnownFileType = sourcecode.swift; path = StatusBar.swift; sourceTree = "<group>"; };
		085A5F4B879D7A8F6DE59977 /* BonjourBrowserTests.swift */ = {isa = PBXFileReference; lastKnownFileType = sourcecode.swift; path = BonjourBrowserTests.swift; sourceTree = "<group>"; };
		08F538EE2BDEE6AC01B475A6 /* ConnectionEditorValidationTests.swift */ = {isa = PBXFileReference; lastKnownFileType = sourcecode.swift; path = ConnectionEditorValidationTests.swift; sourceTree = "<group>"; };
		0910299308AAC5A39D44EDDC /* DaemonEventStream.swift */ = {isa = PBXFileReference; lastKnownFileType = sourcecode.swift; path = DaemonEventStream.swift; sourceTree = "<group>"; };
		0C513048BAFC7B7620AF49C2 /* BonjourBrowser.swift */ = {isa = PBXFileReference; lastKnownFileType = sourcecode.swift; path = BonjourBrowser.swift; sourceTree = "<group>"; };
		0CAC9DCC0899FA35FE311EE6 /* ConfigIntrospectionTests.swift */ = {isa = PBXFileReference; lastKnownFileType = sourcecode.swift; path = ConfigIntrospectionTests.swift; sourceTree = "<group>"; };
		0E373662FF8FDB83153A0ED4 /* iTTYUITests.xctest */ = {isa = PBXFileReference; includeInIndex = 0; lastKnownFileType = wrapper.cfbundle; path = iTTYUITests.xctest; sourceTree = BUILT_PRODUCTS_DIR; };
		108EE6F1D2E0380DA87A05AA /* SearchState.swift */ = {isa = PBXFileReference; lastKnownFileType = sourcecode.swift; path = SearchState.swift; sourceTree = "<group>"; };
		10E51B82B0750E1E0A7EA10B /* Search.swift */ = {isa = PBXFileReference; lastKnownFileType = sourcecode.swift; path = Search.swift; sourceTree = "<group>"; };
		11765BC7AA36CB20FD557B42 /* TestConfig.example.swift */ = {isa = PBXFileReference; lastKnownFileType = sourcecode.swift; path = TestConfig.example.swift; sourceTree = "<group>"; };
		18C5E1656493016A3F3C557A /* SessionBrowserView.swift */ = {isa = PBXFileReference; lastKnownFileType = sourcecode.swift; path = SessionBrowserView.swift; sourceTree = "<group>"; };
		1AAF28BE25093E6B01B834D6 /* StatusBarView.swift */ = {isa = PBXFileReference; lastKnownFileType = sourcecode.swift; path = StatusBarView.swift; sourceTree = "<group>"; };
		1B0756ACEC45D927C4DE0E95 /* SurfaceConfiguration.swift */ = {isa = PBXFileReference; lastKnownFileType = sourcecode.swift; path = SurfaceConfiguration.swift; sourceTree = "<group>"; };
		1B4C0444AFED6CB1CCB8C989 /* SSHKeyParser.swift */ = {isa = PBXFileReference; lastKnownFileType = sourcecode.swift; path = SSHKeyParser.swift; sourceTree = "<group>"; };
		241BFA2D711F0EA98DDB5B6D /* MockSSHSessionDelegate.swift */ = {isa = PBXFileReference; lastKnownFileType = sourcecode.swift; path = MockSSHSessionDelegate.swift; sourceTree = "<group>"; };
		2591F53177BE7577807C73E4 /* StressTests.swift */ = {isa = PBXFileReference; lastKnownFileType = sourcecode.swift; path = StressTests.swift; sourceTree = "<group>"; };
		2C2C2CFEB08060B4FAA571F3 /* TmuxPaneUITests.swift */ = {isa = PBXFileReference; lastKnownFileType = sourcecode.swift; path = TmuxPaneUITests.swift; sourceTree = "<group>"; };
		2E311373064A73DBD46A65AE /* WindowPicker.swift */ = {isa = PBXFileReference; lastKnownFileType = sourcecode.swift; path = WindowPicker.swift; sourceTree = "<group>"; };
		2E6BE7AAA364FF509877A78F /* ThemePickerTests.swift */ = {isa = PBXFileReference; lastKnownFileType = sourcecode.swift; path = ThemePickerTests.swift; sourceTree = "<group>"; };
		31ACF22405120DD04BE88AD9 /* QuickConnectInlineTests.swift */ = {isa = PBXFileReference; lastKnownFileType = sourcecode.swift; path = QuickConnectInlineTests.swift; sourceTree = "<group>"; };
		34755ED187BD9601F0832774 /* TmuxLayout.swift */ = {isa = PBXFileReference; lastKnownFileType = sourcecode.swift; path = TmuxLayout.swift; sourceTree = "<group>"; };
		39B16F6D47078BE4A4EC3797 /* FontSizeTests.swift */ = {isa = PBXFileReference; lastKnownFileType = sourcecode.swift; path = FontSizeTests.swift; sourceTree = "<group>"; };
		39B1E0232F9C3AE88EE2E8A3 /* Commands.swift */ = {isa = PBXFileReference; lastKnownFileType = sourcecode.swift; path = Commands.swift; sourceTree = "<group>"; };
		3AFF206A02484E1334821E73 /* TailscaleDiscoveryView.swift */ = {isa = PBXFileReference; lastKnownFileType = sourcecode.swift; path = TailscaleDiscoveryView.swift; sourceTree = "<group>"; };
		3E7F2DCB694802413C68E092 /* TmuxSplitTree.swift */ = {isa = PBXFileReference; lastKnownFileType = sourcecode.swift; path = TmuxSplitTree.swift; sourceTree = "<group>"; };
		42DDDB4DB5D32B49B5545910 /* TailscaleDiscoveryServiceTests.swift */ = {isa = PBXFileReference; lastKnownFileType = sourcecode.swift; path = TailscaleDiscoveryServiceTests.swift; sourceTree = "<group>"; };
		445A1B5713CA5182A66958B4 /* ProfileCRUDTests.swift */ = {isa = PBXFileReference; lastKnownFileType = sourcecode.swift; path = ProfileCRUDTests.swift; sourceTree = "<group>"; };
		46D726371952336C86E314C3 /* iTTYTests.xctest */ = {isa = PBXFileReference; includeInIndex = 0; lastKnownFileType = wrapper.cfbundle; path = iTTYTests.xctest; sourceTree = BUILT_PRODUCTS_DIR; };
		49635832EFEEDCF42A7ED0F4 /* SessionRowView.swift */ = {isa = PBXFileReference; lastKnownFileType = sourcecode.swift; path = SessionRowView.swift; sourceTree = "<group>"; };
		4DE0A9556D48EBD74459E1F5 /* KeyboardShortcutRoutingTests.swift */ = {isa = PBXFileReference; lastKnownFileType = sourcecode.swift; path = KeyboardShortcutRoutingTests.swift; sourceTree = "<group>"; };
		4E19DF4D238359A33F8B2873 /* SSHKeyParserTests.swift */ = {isa = PBXFileReference; lastKnownFileType = sourcecode.swift; path = SSHKeyParserTests.swift; sourceTree = "<group>"; };
		54526F2990A9C3D7D94970DD /* MachineListView.swift */ = {isa = PBXFileReference; lastKnownFileType = sourcecode.swift; path = MachineListView.swift; sourceTree = "<group>"; };
		550F2177E3DFB8B8CE3F8D71 /* DaemonClient.swift */ = {isa = PBXFileReference; lastKnownFileType = sourcecode.swift; path = DaemonClient.swift; sourceTree = "<group>"; };
		55935CF2F7181A7644B37903 /* GhosttyConfig.swift */ = {isa = PBXFileReference; lastKnownFileType = sourcecode.swift; path = GhosttyConfig.swift; sourceTree = "<group>"; };
		56854BD8F5785C232167047E /* CommandPalette.swift */ = {isa = PBXFileReference; lastKnownFileType = sourcecode.swift; path = CommandPalette.swift; sourceTree = "<group>"; };
		584323531CBBA224C78243F8 /* TerminalContainerView.swift */ = {isa = PBXFileReference; lastKnownFileType = sourcecode.swift; path = TerminalContainerView.swift; sourceTree = "<group>"; };
		58977D2E4F51F13C69075ABE /* TailscaleVPNDetector.swift */ = {isa = PBXFileReference; lastKnownFileType = sourcecode.swift; path = TailscaleVPNDetector.swift; sourceTree = "<group>"; };
		591CE88A99F1927398E08ABE /* ConnectionHealthIndicator.swift */ = {isa = PBXFileReference; lastKnownFileType = sourcecode.swift; path = ConnectionHealthIndicator.swift; sourceTree = "<group>"; };
		5C71DBCCDA83BFF0F1905210 /* TmuxSplitTreeTests.swift */ = {isa = PBXFileReference; lastKnownFileType = sourcecode.swift; path = TmuxSplitTreeTests.swift; sourceTree = "<group>"; };
		5D4A82A06C1AC45D4CA22D0C /* RuntimeEnvironment.swift */ = {isa = PBXFileReference; lastKnownFileType = sourcecode.swift; path = RuntimeEnvironment.swift; sourceTree = "<group>"; };
		655E3B224481BE341D5C0BEB /* KeychainTestSupport.swift */ = {isa = PBXFileReference; lastKnownFileType = sourcecode.swift; path = KeychainTestSupport.swift; sourceTree = "<group>"; };
		684B8E33A6A8AF70413D6BDB /* ConnectionListView.swift */ = {isa = PBXFileReference; lastKnownFileType = sourcecode.swift; path = ConnectionListView.swift; sourceTree = "<group>"; };
		6931E24FC972AA059A041419 /* SSHKeyManagerTests.swift */ = {isa = PBXFileReference; lastKnownFileType = sourcecode.swift; path = SSHKeyManagerTests.swift; sourceTree = "<group>"; };
		6A495B353FAE4F40AF5EC8B7 /* SearchOverlay.swift */ = {isa = PBXFileReference; lastKnownFileType = sourcecode.swift; path = SearchOverlay.swift; sourceTree = "<group>"; };
		6CF27857C1B6A290806914CA /* TmuxSessionNameResolver.swift */ = {isa = PBXFileReference; lastKnownFileType = sourcecode.swift; path = TmuxSessionNameResolver.swift; sourceTree = "<group>"; };
		6E09E2A7D9DB01DC430063AD /* MenuBar.swift */ = {isa = PBXFileReference; lastKnownFileType = sourcecode.swift; path = MenuBar.swift; sourceTree = "<group>"; };
		6FC8C3A7D60D413AD3A167F4 /* KeychainManagerTests.swift */ = {isa = PBXFileReference; lastKnownFileType = sourcecode.swift; path = KeychainManagerTests.swift; sourceTree = "<group>"; };
		73150D8D01733D913899CD53 /* DaemonClientTests.swift */ = {isa = PBXFileReference; lastKnownFileType = sourcecode.swift; path = DaemonClientTests.swift; sourceTree = "<group>"; };
		732CAE9570E50165EC265D9F /* ConnectionProfileTests.swift */ = {isa = PBXFileReference; lastKnownFileType = sourcecode.swift; path = ConnectionProfileTests.swift; sourceTree = "<group>"; };
		7337633C4FEE497E57D95CED /* ResizeTimingTests.swift */ = {isa = PBXFileReference; lastKnownFileType = sourcecode.swift; path = ResizeTimingTests.swift; sourceTree = "<group>"; };
		765A4B7772C85664C4948110 /* FontPickerTests.swift */ = {isa = PBXFileReference; lastKnownFileType = sourcecode.swift; path = FontPickerTests.swift; sourceTree = "<group>"; };
		76F95F98A2F573FD16A048CD /* OrientationTests.swift */ = {isa = PBXFileReference; lastKnownFileType = sourcecode.swift; path = OrientationTests.swift; sourceTree = "<group>"; };
		776B1AF8CB91871D72097E77 /* KeyTableIndicator.swift */ = {isa = PBXFileReference; lastKnownFileType = sourcecode.swift; path = KeyTableIndicator.swift; sourceTree = "<group>"; };
		785F2348D2DF230369B61232 /* ToolbarTests.swift */ = {isa = PBXFileReference; lastKnownFileType = sourcecode.swift; path = ToolbarTests.swift; sourceTree = "<group>"; };
		8112AC1AE0ED1E0CFE1BC9B8 /* TmuxSurfaceProtocol.swift */ = {isa = PBXFileReference; lastKnownFileType = sourcecode.swift; path = TmuxSurfaceProtocol.swift; sourceTree = "<group>"; };
		8322A2A032401343DA2BA6A8 /* TmuxModelsTests.swift */ = {isa = PBXFileReference; lastKnownFileType = sourcecode.swift; path = TmuxModelsTests.swift; sourceTree = "<group>"; };
		846D8C478925C291A8B99329 /* SSHKeyManager.swift */ = {isa = PBXFileReference; lastKnownFileType = sourcecode.swift; path = SSHKeyManager.swift; sourceTree = "<group>"; };
		89920EE54FE5B80F8B879BA5 /* Shortcuts.swift */ = {isa = PBXFileReference; lastKnownFileType = sourcecode.swift; path = Shortcuts.swift; sourceTree = "<group>"; };
		89E6404560FFE7D2BA4A4930 /* iTTYApp.swift */ = {isa = PBXFileReference; lastKnownFileType = sourcecode.swift; path = iTTYApp.swift; sourceTree = "<group>"; };
		8BEC0FC6651D91DE19779C4E /* UITestHelpers.swift */ = {isa = PBXFileReference; lastKnownFileType = sourcecode.swift; path = UITestHelpers.swift; sourceTree = "<group>"; };
		8CDB390A7750546D7FD3065F /* QuickConnectSheetTests.swift */ = {isa = PBXFileReference; lastKnownFileType = sourcecode.swift; path = QuickConnectSheetTests.swift; sourceTree = "<group>"; };
		95329530F409B47EC9940686 /* Toolbar.swift */ = {isa = PBXFileReference; lastKnownFileType = sourcecode.swift; path = Toolbar.swift; sourceTree = "<group>"; };
		974A4F4531D9969CB43BBA03 /* FontMapping.swift */ = {isa = PBXFileReference; lastKnownFileType = sourcecode.swift; path = FontMapping.swift; sourceTree = "<group>"; };
		9754801E85044FEAFC5CB6AB /* TmuxDataFlowTests.swift */ = {isa = PBXFileReference; lastKnownFileType = sourcecode.swift; path = TmuxDataFlowTests.swift; sourceTree = "<group>"; };
		97DA4669F88FCFFA89AF8358 /* SelectionOverlay.swift */ = {isa = PBXFileReference; lastKnownFileType = sourcecode.swift; path = SelectionOverlay.swift; sourceTree = "<group>"; };
		9A886C3036E27D158C1A3222 /* iTTYUITests.swift */ = {isa = PBXFileReference; lastKnownFileType = sourcecode.swift; path = iTTYUITests.swift; sourceTree = "<group>"; };
		9ABB9E42A3C412F5F514FB01 /* TmuxSizingDebugTests.swift */ = {isa = PBXFileReference; lastKnownFileType = sourcecode.swift; path = TmuxSizingDebugTests.swift; sourceTree = "<group>"; };
		9C460BEE0D2F67B6CCD023E2 /* SearchTests.swift */ = {isa = PBXFileReference; lastKnownFileType = sourcecode.swift; path = SearchTests.swift; sourceTree = "<group>"; };
		9E3BC41545F961EBDF5F428D /* LaunchTests.swift */ = {isa = PBXFileReference; lastKnownFileType = sourcecode.swift; path = LaunchTests.swift; sourceTree = "<group>"; };
		9FB6FAF1723AA7D0C54E131C /* TmuxWindowTests.swift */ = {isa = PBXFileReference; lastKnownFileType = sourcecode.swift; path = TmuxWindowTests.swift; sourceTree = "<group>"; };
		A100374A8423A3F7987D51BC /* ConnectionListTests.swift */ = {isa = PBXFileReference; lastKnownFileType = sourcecode.swift; path = ConnectionListTests.swift; sourceTree = "<group>"; };
		A49D0A6FC4BFAB85AE6059CA /* TerminalBasicTests.swift */ = {isa = PBXFileReference; lastKnownFileType = sourcecode.swift; path = TerminalBasicTests.swift; sourceTree = "<group>"; };
		A7861EDDE355033B260130DA /* GhosttyKit.xcframework */ = {isa = PBXFileReference; lastKnownFileType = wrapper.xcframework; name = GhosttyKit.xcframework; path = iTTY/Frameworks/GhosttyKit.xcframework; sourceTree = "<group>"; };
		A8F0322DA4233EB4EC60769E /* KeychainManager.swift */ = {isa = PBXFileReference; lastKnownFileType = sourcecode.swift; path = KeychainManager.swift; sourceTree = "<group>"; };
		A9B579D38175F4B8D0411F10 /* ErrorViewTests.swift */ = {isa = PBXFileReference; lastKnownFileType = sourcecode.swift; path = ErrorViewTests.swift; sourceTree = "<group>"; };
		AA73F1E462E954DDCF296C53 /* ConfigSyncManager.swift */ = {isa = PBXFileReference; lastKnownFileType = sourcecode.swift; path = ConfigSyncManager.swift; sourceTree = "<group>"; };
		AADFBD0549E1B7C573D233EF /* SavedSession.swift */ = {isa = PBXFileReference; lastKnownFileType = sourcecode.swift; path = SavedSession.swift; sourceTree = "<group>"; };
		AD289911CA82ED2858446607 /* ConnectedTests.swift */ = {isa = PBXFileReference; lastKnownFileType = sourcecode.swift; path = ConnectedTests.swift; sourceTree = "<group>"; };
		AFFD1BF4213431425CDC7D92 /* InputTranslation.swift */ = {isa = PBXFileReference; lastKnownFileType = sourcecode.swift; path = InputTranslation.swift; sourceTree = "<group>"; };
		B199D34EFB5E1772BC22F036 /* MockTmuxSurface.swift */ = {isa = PBXFileReference; lastKnownFileType = sourcecode.swift; path = MockTmuxSurface.swift; sourceTree = "<group>"; };
		B1DA6D05CB973C30F21DEB1B /* BiometricGatekeeper.swift */ = {isa = PBXFileReference; lastKnownFileType = sourcecode.swift; path = BiometricGatekeeper.swift; sourceTree = "<group>"; };
		B1DAF5F6FC644DC792F94F45 /* TmuxStateReconciliationTests.swift */ = {isa = PBXFileReference; lastKnownFileType = sourcecode.swift; path = TmuxStateReconciliationTests.swift; sourceTree = "<group>"; };
		B21DBF19F2BF0FF8520F272C /* ConnectionEditorView.swift */ = {isa = PBXFileReference; lastKnownFileType = sourcecode.swift; path = ConnectionEditorView.swift; sourceTree = "<group>"; };
		B4B8628F8ADA28B0904728E2 /* NIOSSHConnection.swift */ = {isa = PBXFileReference; lastKnownFileType = sourcecode.swift; path = NIOSSHConnection.swift; sourceTree = "<group>"; };
		B5C2FCEBB8149E4ADC0F1142 /* TmuxConnectionLifecycleTests.swift */ = {isa = PBXFileReference; lastKnownFileType = sourcecode.swift; path = TmuxConnectionLifecycleTests.swift; sourceTree = "<group>"; };
		B8109AA650B648293EBF8FB7 /* CommandPaletteTests.swift */ = {isa = PBXFileReference; lastKnownFileType = sourcecode.swift; path = CommandPaletteTests.swift; sourceTree = "<group>"; };
		B90818097C4624E116ABB09C /* SSHCommandRunner.swift */ = {isa = PBXFileReference; lastKnownFileType = sourcecode.swift; path = SSHCommandRunner.swift; sourceTree = "<group>"; };
		B90E5A1556A9658C110B69F5 /* SettingsView.swift */ = {isa = PBXFileReference; lastKnownFileType = sourcecode.swift; path = SettingsView.swift; sourceTree = "<group>"; };
		B93A74376512BAACA37B844E /* iTTY.app */ = {isa = PBXFileReference; includeInIndex = 0; lastKnownFileType = wrapper.application; path = iTTY.app; sourceTree = BUILT_PRODUCTS_DIR; };
		BB4FD759D460AB3AFBCE48C8 /* TmuxLayoutTests.swift */ = {isa = PBXFileReference; lastKnownFileType = sourcecode.swift; path = TmuxLayoutTests.swift; sourceTree = "<group>"; };
		BB97FB2636C029BF82EF92A4 /* AddMachineView.swift */ = {isa = PBXFileReference; lastKnownFileType = sourcecode.swift; path = AddMachineView.swift; sourceTree = "<group>"; };
		BD0987428A180C27A0837864 /* CredentialProvider.swift */ = {isa = PBXFileReference; lastKnownFileType = sourcecode.swift; path = CredentialProvider.swift; sourceTree = "<group>"; };
		BD9923B863BCD8C1A0958EC2 /* WindowPickerView.swift */ = {isa = PBXFileReference; lastKnownFileType = sourcecode.swift; path = WindowPickerView.swift; sourceTree = "<group>"; };
		BE88E2DB2F1912CDC467CF02 /* TailscaleDiscoveryService.swift */ = {isa = PBXFileReference; lastKnownFileType = sourcecode.swift; path = TailscaleDiscoveryService.swift; sourceTree = "<group>"; };
		C17752EF768FA326DF42E0F2 /* Keyboard.swift */ = {isa = PBXFileReference; lastKnownFileType = sourcecode.swift; path = Keyboard.swift; sourceTree = "<group>"; };
		C507B5FEE52DE98DC349D409 /* ConnectionProfile.swift */ = {isa = PBXFileReference; lastKnownFileType = sourcecode.swift; path = ConnectionProfile.swift; sourceTree = "<group>"; };
		C625B315CAFD7C3B7B277ED6 /* MachineStoreTests.swift */ = {isa = PBXFileReference; lastKnownFileType = sourcecode.swift; path = MachineStoreTests.swift; sourceTree = "<group>"; };
		C7D93CAD4F8CA7D51633A1F5 /* Machine.swift */ = {isa = PBXFileReference; lastKnownFileType = sourcecode.swift; path = Machine.swift; sourceTree = "<group>"; };
		C82636D94823B4FAE5527176 /* MultiPaneView.swift */ = {isa = PBXFileReference; lastKnownFileType = sourcecode.swift; path = MultiPaneView.swift; sourceTree = "<group>"; };
		C94A26BD17AC920E4BA0A0AB /* TmuxPane.swift */ = {isa = PBXFileReference; lastKnownFileType = sourcecode.swift; path = TmuxPane.swift; sourceTree = "<group>"; };
		C98B55D6CDCB3ACBDC373B26 /* SplitPaneTests.swift */ = {isa = PBXFileReference; lastKnownFileType = sourcecode.swift; path = SplitPaneTests.swift; sourceTree = "<group>"; };
		CA5F52FD84EA35C011964688 /* LayoutStabilityTests.swift */ = {isa = PBXFileReference; lastKnownFileType = sourcecode.swift; path = LayoutStabilityTests.swift; sourceTree = "<group>"; };
		CF8B365A42E1AD3BE743A64D /* SSHKeyManagerTests.swift */ = {isa = PBXFileReference; lastKnownFileType = sourcecode.swift; path = SSHKeyManagerTests.swift; sourceTree = "<group>"; };
		D12FF5A80D375DEDA6F66166 /* ContentView.swift */ = {isa = PBXFileReference; lastKnownFileType = sourcecode.swift; path = ContentView.swift; sourceTree = "<group>"; };
		D551C2E99BDE3E479A731468 /* MenuBarTests.swift */ = {isa = PBXFileReference; lastKnownFileType = sourcecode.swift; path = MenuBarTests.swift; sourceTree = "<group>"; };
		D7E07B0168112FB43CA2607B /* GhosttyRuntime.swift */ = {isa = PBXFileReference; lastKnownFileType = sourcecode.swift; path = GhosttyRuntime.swift; sourceTree = "<group>"; };
		DAD95C99FACE28432EAA4B2C /* SelectionOverlayTests.swift */ = {isa = PBXFileReference; lastKnownFileType = sourcecode.swift; path = SelectionOverlayTests.swift; sourceTree = "<group>"; };
		DAE6CD22781ABBD110178514 /* SettingsValueChangeTests.swift */ = {isa = PBXFileReference; lastKnownFileType = sourcecode.swift; path = SettingsValueChangeTests.swift; sourceTree = "<group>"; };
		DF85880ACAFE43A6FFC3B6C0 /* SessionBrowserViewModelTests.swift */ = {isa = PBXFileReference; lastKnownFileType = sourcecode.swift; path = SessionBrowserViewModelTests.swift; sourceTree = "<group>"; };
		DF99801DB975D1D5F5B1771D /* SettingsTests.swift */ = {isa = PBXFileReference; lastKnownFileType = sourcecode.swift; path = SettingsTests.swift; sourceTree = "<group>"; };
		E1A3B72B5D992A74B901E67D /* SplitView.swift */ = {isa = PBXFileReference; lastKnownFileType = sourcecode.swift; path = SplitView.swift; sourceTree = "<group>"; };
		E2D80E178814DB6D31AF2A01 /* ConnectionEditorTests.swift */ = {isa = PBXFileReference; lastKnownFileType = sourcecode.swift; path = ConnectionEditorTests.swift; sourceTree = "<group>"; };
		E321CF89BCA06040403F26FF /* BackgroundTaskTests.swift */ = {isa = PBXFileReference; lastKnownFileType = sourcecode.swift; path = BackgroundTaskTests.swift; sourceTree = "<group>"; };
		E3A0178FD14EEB7A0800E188 /* TmuxWireDiagnostics.swift */ = {isa = PBXFileReference; lastKnownFileType = sourcecode.swift; path = TmuxWireDiagnostics.swift; sourceTree = "<group>"; };
		E8593B7F2F72BE1D30AC72B6 /* TmuxSessionManagerTests.swift */ = {isa = PBXFileReference; lastKnownFileType = sourcecode.swift; path = TmuxSessionManagerTests.swift; sourceTree = "<group>"; };
		E8FD3867841D354EF7DC927E /* SurfaceView.swift */ = {isa = PBXFileReference; lastKnownFileType = sourcecode.swift; path = SurfaceView.swift; sourceTree = "<group>"; };
		EAF9BB680753D40C9B70B1FF /* ConfigSyncThemeTests.swift */ = {isa = PBXFileReference; lastKnownFileType = sourcecode.swift; path = ConfigSyncThemeTests.swift; sourceTree = "<group>"; };
		EBDCE8FFC372ECC9025FD815 /* NotificationManager.swift */ = {isa = PBXFileReference; lastKnownFileType = sourcecode.swift; path = NotificationManager.swift; sourceTree = "<group>"; };
		ECD85B34BF26455563D27619 /* GhosttyInputTests.swift */ = {isa = PBXFileReference; lastKnownFileType = sourcecode.swift; path = GhosttyInputTests.swift; sourceTree = "<group>"; };
		ED2FA33851210847C3D2FA44 /* TmuxSessionManager.swift */ = {isa = PBXFileReference; lastKnownFileType = sourcecode.swift; path = TmuxSessionManager.swift; sourceTree = "<group>"; };
		EDBC12EF5576A50474C45BED /* FontMappingTests.swift */ = {isa = PBXFileReference; lastKnownFileType = sourcecode.swift; path = FontMappingTests.swift; sourceTree = "<group>"; };
		F1CBACDA6405136279766CD2 /* CommandPaletteTests.swift */ = {isa = PBXFileReference; lastKnownFileType = sourcecode.swift; path = CommandPaletteTests.swift; sourceTree = "<group>"; };
		F3009E91DBABB9A03673DACA /* SSHSession.swift */ = {isa = PBXFileReference; lastKnownFileType = sourcecode.swift; path = SSHSession.swift; sourceTree = "<group>"; };
		F32608AB8D206270107FFF94 /* SessionPickerView.swift */ = {isa = PBXFileReference; lastKnownFileType = sourcecode.swift; path = SessionPickerView.swift; sourceTree = "<group>"; };
		F77E6F5EB4AED6C854B72119 /* ThemeManager.swift */ = {isa = PBXFileReference; lastKnownFileType = sourcecode.swift; path = ThemeManager.swift; sourceTree = "<group>"; };
		FCE88BE4DEA623C4BD872BF2 /* TmuxSessionNameResolverTests.swift */ = {isa = PBXFileReference; lastKnownFileType = sourcecode.swift; path = TmuxSessionNameResolverTests.swift; sourceTree = "<group>"; };
		FF73231D7DF9475E39BEBA4A /* TmuxModels.swift */ = {isa = PBXFileReference; lastKnownFileType = sourcecode.swift; path = TmuxModels.swift; sourceTree = "<group>"; };
/* End PBXFileReference section */

/* Begin PBXFrameworksBuildPhase section */
		BA00419E12143B47DE00E51C /* Frameworks */ = {
			isa = PBXFrameworksBuildPhase;
			buildActionMask = 2147483647;
			files = (
				59CB940D2A4A88432FDA718F /* GhosttyKit.xcframework in Frameworks */,
				7902F48E21598998ED52D811 /* NIOSSH in Frameworks */,
				C273F239ECC9ABC91906DD67 /* NIOTransportServices in Frameworks */,
			);
			runOnlyForDeploymentPostprocessing = 0;
		};
/* End PBXFrameworksBuildPhase section */

/* Begin PBXGroup section */
		009F1C26C94D740E5C58D085 /* Daemon */ = {
			isa = PBXGroup;
			children = (
				550F2177E3DFB8B8CE3F8D71 /* DaemonClient.swift */,
				0910299308AAC5A39D44EDDC /* DaemonEventStream.swift */,
			);
			path = Daemon;
			sourceTree = "<group>";
		};
		08C1A4F80AC21C9F3811C4E9 /* DisconnectedTests */ = {
			isa = PBXGroup;
			children = (
				E2D80E178814DB6D31AF2A01 /* ConnectionEditorTests.swift */,
				08F538EE2BDEE6AC01B475A6 /* ConnectionEditorValidationTests.swift */,
				A100374A8423A3F7987D51BC /* ConnectionListTests.swift */,
				A9B579D38175F4B8D0411F10 /* ErrorViewTests.swift */,
				765A4B7772C85664C4948110 /* FontPickerTests.swift */,
				9E3BC41545F961EBDF5F428D /* LaunchTests.swift */,
				CA5F52FD84EA35C011964688 /* LayoutStabilityTests.swift */,
				D551C2E99BDE3E479A731468 /* MenuBarTests.swift */,
				445A1B5713CA5182A66958B4 /* ProfileCRUDTests.swift */,
				31ACF22405120DD04BE88AD9 /* QuickConnectInlineTests.swift */,
				8CDB390A7750546D7FD3065F /* QuickConnectSheetTests.swift */,
				DF99801DB975D1D5F5B1771D /* SettingsTests.swift */,
				DAE6CD22781ABBD110178514 /* SettingsValueChangeTests.swift */,
				05B51FE2C891D09BAC796762 /* SSHKeyGeneratorTests.swift */,
				CF8B365A42E1AD3BE743A64D /* SSHKeyManagerTests.swift */,
				2E6BE7AAA364FF509877A78F /* ThemePickerTests.swift */,
			);
			path = DisconnectedTests;
			sourceTree = "<group>";
		};
		09106B5627F17BE93E4F4508 /* SSH */ = {
			isa = PBXGroup;
			children = (
				B4B8628F8ADA28B0904728E2 /* NIOSSHConnection.swift */,
				B90818097C4624E116ABB09C /* SSHCommandRunner.swift */,
				F3009E91DBABB9A03673DACA /* SSHSession.swift */,
			);
			path = SSH;
			sourceTree = "<group>";
		};
		0ADE6ABFDE38E1EDFB1054A9 /* Bonjour */ = {
			isa = PBXGroup;
			children = (
				0C513048BAFC7B7620AF49C2 /* BonjourBrowser.swift */,
			);
			path = Bonjour;
			sourceTree = "<group>";
		};
		0EE753B7EC78347453A8D37C /* Services */ = {
			isa = PBXGroup;
			children = (
				0ADE6ABFDE38E1EDFB1054A9 /* Bonjour */,
				009F1C26C94D740E5C58D085 /* Daemon */,
				7C976D2CB7984558A3613F8E /* Notifications */,
				81FF99F1EFCE1C592562DEB4 /* Tailscale */,
			);
			path = Services;
			sourceTree = "<group>";
		};
		11ABF0804B70C8DBDA27FD1A /* App */ = {
			isa = PBXGroup;
			children = (
				D12FF5A80D375DEDA6F66166 /* ContentView.swift */,
				89E6404560FFE7D2BA4A4930 /* iTTYApp.swift */,
				5D4A82A06C1AC45D4CA22D0C /* RuntimeEnvironment.swift */,
			);
			path = App;
			sourceTree = "<group>";
		};
		12F84E078BA9499A16352D4C = {
			isa = PBXGroup;
			children = (
				88796C5C971FF1BB9BED12F7 /* iTTY */,
				3A903F310D6C0EF8832FEDFE /* iTTYTests */,
				955BAEFF1500E7C8E1FF69A9 /* iTTYUITests */,
				E47E974E8EE6086C8B8A20C2 /* Frameworks */,
				3CF429ED6B729E9E59954DD0 /* Products */,
			);
			sourceTree = "<group>";
		};
		25F11552AA595B31222AE788 /* Terminal */ = {
			isa = PBXGroup;
			children = (
				39B1E0232F9C3AE88EE2E8A3 /* Commands.swift */,
				55935CF2F7181A7644B37903 /* GhosttyConfig.swift */,
				D7E07B0168112FB43CA2607B /* GhosttyRuntime.swift */,
				AFFD1BF4213431425CDC7D92 /* InputTranslation.swift */,
				6A495B353FAE4F40AF5EC8B7 /* SearchOverlay.swift */,
				108EE6F1D2E0380DA87A05AA /* SearchState.swift */,
				97DA4669F88FCFFA89AF8358 /* SelectionOverlay.swift */,
				1B0756ACEC45D927C4DE0E95 /* SurfaceConfiguration.swift */,
				E8FD3867841D354EF7DC927E /* SurfaceView.swift */,
			);
			path = Terminal;
			sourceTree = "<group>";
		};
		3A903F310D6C0EF8832FEDFE /* iTTYTests */ = {
			isa = PBXGroup;
			children = (
				085A5F4B879D7A8F6DE59977 /* BonjourBrowserTests.swift */,
				73150D8D01733D913899CD53 /* DaemonClientTests.swift */,
				C625B315CAFD7C3B7B277ED6 /* MachineStoreTests.swift */,
				DF85880ACAFE43A6FFC3B6C0 /* SessionBrowserViewModelTests.swift */,
				4CDA28E9993DBC996FFD7A2D /* TestSupport */,
				B28CD4BC907215DFC5276820 /* UpstreamParity */,
			);
			path = iTTYTests;
			sourceTree = "<group>";
		};
		3CF429ED6B729E9E59954DD0 /* Products */ = {
			isa = PBXGroup;
			children = (
				B93A74376512BAACA37B844E /* iTTY.app */,
				46D726371952336C86E314C3 /* iTTYTests.xctest */,
				0E373662FF8FDB83153A0ED4 /* iTTYUITests.xctest */,
			);
			name = Products;
			sourceTree = "<group>";
		};
		4C473F485C96667CDC4961AF /* Terminal */ = {
			isa = PBXGroup;
			children = (
				56854BD8F5785C232167047E /* CommandPalette.swift */,
				591CE88A99F1927398E08ABE /* ConnectionHealthIndicator.swift */,
				C17752EF768FA326DF42E0F2 /* Keyboard.swift */,
				776B1AF8CB91871D72097E77 /* KeyTableIndicator.swift */,
				6E09E2A7D9DB01DC430063AD /* MenuBar.swift */,
				C82636D94823B4FAE5527176 /* MultiPaneView.swift */,
				10E51B82B0750E1E0A7EA10B /* Search.swift */,
				F32608AB8D206270107FFF94 /* SessionPickerView.swift */,
				89920EE54FE5B80F8B879BA5 /* Shortcuts.swift */,
				E1A3B72B5D992A74B901E67D /* SplitView.swift */,
				0791025EA56C3BBFAA167780 /* StatusBar.swift */,
				1AAF28BE25093E6B01B834D6 /* StatusBarView.swift */,
				584323531CBBA224C78243F8 /* TerminalContainerView.swift */,
				C94A26BD17AC920E4BA0A0AB /* TmuxPane.swift */,
				95329530F409B47EC9940686 /* Toolbar.swift */,
				2E311373064A73DBD46A65AE /* WindowPicker.swift */,
				BD9923B863BCD8C1A0958EC2 /* WindowPickerView.swift */,
			);
			path = Terminal;
			sourceTree = "<group>";
		};
		4CDA28E9993DBC996FFD7A2D /* TestSupport */ = {
			isa = PBXGroup;
			children = (
				655E3B224481BE341D5C0BEB /* KeychainTestSupport.swift */,
			);
			path = TestSupport;
			sourceTree = "<group>";
		};
		5BBA3D31703C46A879D89A12 /* Tmux */ = {
			isa = PBXGroup;
			children = (
				34755ED187BD9601F0832774 /* TmuxLayout.swift */,
				FF73231D7DF9475E39BEBA4A /* TmuxModels.swift */,
				ED2FA33851210847C3D2FA44 /* TmuxSessionManager.swift */,
				6CF27857C1B6A290806914CA /* TmuxSessionNameResolver.swift */,
				3E7F2DCB694802413C68E092 /* TmuxSplitTree.swift */,
				8112AC1AE0ED1E0CFE1BC9B8 /* TmuxSurfaceProtocol.swift */,
				E3A0178FD14EEB7A0800E188 /* TmuxWireDiagnostics.swift */,
			);
			path = Tmux;
			sourceTree = "<group>";
		};
		6286A6C66974BF75BEFBBCEA /* Core */ = {
			isa = PBXGroup;
			children = (
				D04679F40CB8E34EA071C978 /* Auth */,
				EED89D486A11C1B6111E2833 /* Config */,
				09106B5627F17BE93E4F4508 /* SSH */,
				25F11552AA595B31222AE788 /* Terminal */,
				5BBA3D31703C46A879D89A12 /* Tmux */,
			);
			path = Core;
			sourceTree = "<group>";
		};
		69D4BF41B3E6040041373132 /* SessionBrowser */ = {
			isa = PBXGroup;
			children = (
				18C5E1656493016A3F3C557A /* SessionBrowserView.swift */,
				49635832EFEEDCF42A7ED0F4 /* SessionRowView.swift */,
			);
			path = SessionBrowser;
			sourceTree = "<group>";
		};
		7C976D2CB7984558A3613F8E /* Notifications */ = {
			isa = PBXGroup;
			children = (
				EBDCE8FFC372ECC9025FD815 /* NotificationManager.swift */,
			);
			path = Notifications;
			sourceTree = "<group>";
		};
		7E199DA35861B67106A523EB /* Sources */ = {
			isa = PBXGroup;
			children = (
				11ABF0804B70C8DBDA27FD1A /* App */,
				6286A6C66974BF75BEFBBCEA /* Core */,
				FA0EEC6779B4F053201B8678 /* Features */,
				BEBE7724241F071D2753DC46 /* Models */,
				0EE753B7EC78347453A8D37C /* Services */,
			);
			path = Sources;
			sourceTree = "<group>";
		};
		81FF99F1EFCE1C592562DEB4 /* Tailscale */ = {
			isa = PBXGroup;
			children = (
				BE88E2DB2F1912CDC467CF02 /* TailscaleDiscoveryService.swift */,
				58977D2E4F51F13C69075ABE /* TailscaleVPNDetector.swift */,
			);
			path = Tailscale;
			sourceTree = "<group>";
		};
		88796C5C971FF1BB9BED12F7 /* iTTY */ = {
			isa = PBXGroup;
			children = (
				7E199DA35861B67106A523EB /* Sources */,
			);
			path = iTTY;
			sourceTree = "<group>";
		};
		955BAEFF1500E7C8E1FF69A9 /* iTTYUITests */ = {
			isa = PBXGroup;
			children = (
				9D46AB6AF952B8013DD8E821 /* UpstreamParity */,
			);
			path = iTTYUITests;
			sourceTree = "<group>";
		};
		9852F3911904056BC5192C93 /* ConnectedTests */ = {
			isa = PBXGroup;
			children = (
				F1CBACDA6405136279766CD2 /* CommandPaletteTests.swift */,
				39B16F6D47078BE4A4EC3797 /* FontSizeTests.swift */,
				4DE0A9556D48EBD74459E1F5 /* KeyboardShortcutRoutingTests.swift */,
				76F95F98A2F573FD16A048CD /* OrientationTests.swift */,
				9C460BEE0D2F67B6CCD023E2 /* SearchTests.swift */,
				C98B55D6CDCB3ACBDC373B26 /* SplitPaneTests.swift */,
				2591F53177BE7577807C73E4 /* StressTests.swift */,
				A49D0A6FC4BFAB85AE6059CA /* TerminalBasicTests.swift */,
				9FB6FAF1723AA7D0C54E131C /* TmuxWindowTests.swift */,
				785F2348D2DF230369B61232 /* ToolbarTests.swift */,
			);
			path = ConnectedTests;
			sourceTree = "<group>";
		};
		9D46AB6AF952B8013DD8E821 /* UpstreamParity */ = {
			isa = PBXGroup;
			children = (
				AD289911CA82ED2858446607 /* ConnectedTests.swift */,
				9A886C3036E27D158C1A3222 /* iTTYUITests.swift */,
				11765BC7AA36CB20FD557B42 /* TestConfig.example.swift */,
				2C2C2CFEB08060B4FAA571F3 /* TmuxPaneUITests.swift */,
				9ABB9E42A3C412F5F514FB01 /* TmuxSizingDebugTests.swift */,
				9852F3911904056BC5192C93 /* ConnectedTests */,
				08C1A4F80AC21C9F3811C4E9 /* DisconnectedTests */,
				F048A646B8A5086D64126276 /* Helpers */,
			);
			path = UpstreamParity;
			sourceTree = "<group>";
		};
		B28CD4BC907215DFC5276820 /* UpstreamParity */ = {
			isa = PBXGroup;
			children = (
				E321CF89BCA06040403F26FF /* BackgroundTaskTests.swift */,
				B8109AA650B648293EBF8FB7 /* CommandPaletteTests.swift */,
				0CAC9DCC0899FA35FE311EE6 /* ConfigIntrospectionTests.swift */,
				EAF9BB680753D40C9B70B1FF /* ConfigSyncThemeTests.swift */,
				732CAE9570E50165EC265D9F /* ConnectionProfileTests.swift */,
				EDBC12EF5576A50474C45BED /* FontMappingTests.swift */,
				ECD85B34BF26455563D27619 /* GhosttyInputTests.swift */,
				6FC8C3A7D60D413AD3A167F4 /* KeychainManagerTests.swift */,
				241BFA2D711F0EA98DDB5B6D /* MockSSHSessionDelegate.swift */,
				B199D34EFB5E1772BC22F036 /* MockTmuxSurface.swift */,
				7337633C4FEE497E57D95CED /* ResizeTimingTests.swift */,
				DAD95C99FACE28432EAA4B2C /* SelectionOverlayTests.swift */,
				6931E24FC972AA059A041419 /* SSHKeyManagerTests.swift */,
				4E19DF4D238359A33F8B2873 /* SSHKeyParserTests.swift */,
				42DDDB4DB5D32B49B5545910 /* TailscaleDiscoveryServiceTests.swift */,
				B5C2FCEBB8149E4ADC0F1142 /* TmuxConnectionLifecycleTests.swift */,
				9754801E85044FEAFC5CB6AB /* TmuxDataFlowTests.swift */,
				BB4FD759D460AB3AFBCE48C8 /* TmuxLayoutTests.swift */,
				8322A2A032401343DA2BA6A8 /* TmuxModelsTests.swift */,
				E8593B7F2F72BE1D30AC72B6 /* TmuxSessionManagerTests.swift */,
				FCE88BE4DEA623C4BD872BF2 /* TmuxSessionNameResolverTests.swift */,
				5C71DBCCDA83BFF0F1905210 /* TmuxSplitTreeTests.swift */,
				B1DAF5F6FC644DC792F94F45 /* TmuxStateReconciliationTests.swift */,
				0579CCE925FB6028604FBFF4 /* TmuxViewerReadyTests.swift */,
				01DCCC414152577B469C471E /* TmuxWireDiagnosticsTests.swift */,
			);
			path = UpstreamParity;
			sourceTree = "<group>";
		};
		BC039A521E95AEDA0CDDC1BE /* Machines */ = {
			isa = PBXGroup;
			children = (
				BB97FB2636C029BF82EF92A4 /* AddMachineView.swift */,
				B21DBF19F2BF0FF8520F272C /* ConnectionEditorView.swift */,
				684B8E33A6A8AF70413D6BDB /* ConnectionListView.swift */,
				54526F2990A9C3D7D94970DD /* MachineListView.swift */,
				3AFF206A02484E1334821E73 /* TailscaleDiscoveryView.swift */,
			);
			path = Machines;
			sourceTree = "<group>";
		};
		BEBE7724241F071D2753DC46 /* Models */ = {
			isa = PBXGroup;
			children = (
				C7D93CAD4F8CA7D51633A1F5 /* Machine.swift */,
				AADFBD0549E1B7C573D233EF /* SavedSession.swift */,
			);
			path = Models;
			sourceTree = "<group>";
		};
		D04679F40CB8E34EA071C978 /* Auth */ = {
			isa = PBXGroup;
			children = (
				B1DA6D05CB973C30F21DEB1B /* BiometricGatekeeper.swift */,
				C507B5FEE52DE98DC349D409 /* ConnectionProfile.swift */,
				BD0987428A180C27A0837864 /* CredentialProvider.swift */,
				A8F0322DA4233EB4EC60769E /* KeychainManager.swift */,
				846D8C478925C291A8B99329 /* SSHKeyManager.swift */,
				1B4C0444AFED6CB1CCB8C989 /* SSHKeyParser.swift */,
			);
			path = Auth;
			sourceTree = "<group>";
		};
		E47E974E8EE6086C8B8A20C2 /* Frameworks */ = {
			isa = PBXGroup;
			children = (
				A7861EDDE355033B260130DA /* GhosttyKit.xcframework */,
			);
			name = Frameworks;
			sourceTree = "<group>";
		};
		EED89D486A11C1B6111E2833 /* Config */ = {
			isa = PBXGroup;
			children = (
				AA73F1E462E954DDCF296C53 /* ConfigSyncManager.swift */,
				974A4F4531D9969CB43BBA03 /* FontMapping.swift */,
				F77E6F5EB4AED6C854B72119 /* ThemeManager.swift */,
			);
			path = Config;
			sourceTree = "<group>";
		};
		F048A646B8A5086D64126276 /* Helpers */ = {
			isa = PBXGroup;
			children = (
				8BEC0FC6651D91DE19779C4E /* UITestHelpers.swift */,
			);
			path = Helpers;
			sourceTree = "<group>";
		};
		FA0EEC6779B4F053201B8678 /* Features */ = {
			isa = PBXGroup;
			children = (
				BC039A521E95AEDA0CDDC1BE /* Machines */,
				69D4BF41B3E6040041373132 /* SessionBrowser */,
				FDF7F5699D014E2A2334FFA1 /* Settings */,
				4C473F485C96667CDC4961AF /* Terminal */,
			);
			path = Features;
			sourceTree = "<group>";
		};
		FDF7F5699D014E2A2334FFA1 /* Settings */ = {
			isa = PBXGroup;
			children = (
				B90E5A1556A9658C110B69F5 /* SettingsView.swift */,
			);
			path = Settings;
			sourceTree = "<group>";
		};
/* End PBXGroup section */

/* Begin PBXNativeTarget section */
		DA276B6CF8109A09538E2D36 /* iTTY */ = {
			isa = PBXNativeTarget;
			buildConfigurationList = 76E135EB22BE07F12F902CAB /* Build configuration list for PBXNativeTarget "iTTY" */;
			buildPhases = (
				BF38DFA4DC08C3561E1FFABB /* Sources */,
				BA00419E12143B47DE00E51C /* Frameworks */,
				879AAA0CABF6D06BA0D35AF3 /* Embed Frameworks */,
			);
			buildRules = (
			);
			dependencies = (
			);
			name = iTTY;
			packageProductDependencies = (
				9891D0232BB27D4D0F7FDD68 /* NIOSSH */,
				A512D79691507DF751CF6117 /* NIOTransportServices */,
			);
			productName = iTTY;
			productReference = B93A74376512BAACA37B844E /* iTTY.app */;
			productType = "com.apple.product-type.application";
		};
		F2562D3D4CA77429DDC96635 /* iTTYUITests */ = {
			isa = PBXNativeTarget;
			buildConfigurationList = 24CD2C652B3D1929171D7FC0 /* Build configuration list for PBXNativeTarget "iTTYUITests" */;
			buildPhases = (
				ECAF389F5E7056CCEBCC2805 /* Sources */,
			);
			buildRules = (
			);
			dependencies = (
				8FA7E682F1B164544A0C668A /* PBXTargetDependency */,
			);
			name = iTTYUITests;
			packageProductDependencies = (
			);
			productName = iTTYUITests;
			productReference = 0E373662FF8FDB83153A0ED4 /* iTTYUITests.xctest */;
			productType = "com.apple.product-type.bundle.ui-testing";
		};
		F793C30F6513EED954D25C48 /* iTTYTests */ = {
			isa = PBXNativeTarget;
			buildConfigurationList = E5E50235FB8C1A2219CD1744 /* Build configuration list for PBXNativeTarget "iTTYTests" */;
			buildPhases = (
				8872FB46A937F33898F68716 /* Sources */,
			);
			buildRules = (
			);
			dependencies = (
				66F7189DF5771250F5485DBD /* PBXTargetDependency */,
			);
			name = iTTYTests;
			packageProductDependencies = (
			);
			productName = iTTYTests;
			productReference = 46D726371952336C86E314C3 /* iTTYTests.xctest */;
			productType = "com.apple.product-type.bundle.unit-test";
		};
/* End PBXNativeTarget section */

/* Begin PBXProject section */
		BE9A731A400C400490F553C2 /* Project object */ = {
			isa = PBXProject;
			attributes = {
				BuildIndependentTargetsInParallel = YES;
				LastUpgradeCheck = 1430;
				TargetAttributes = {
					F2562D3D4CA77429DDC96635 = {
						TestTargetID = DA276B6CF8109A09538E2D36;
					};
				};
			};
			buildConfigurationList = 90131255A34D630D1AB88A69 /* Build configuration list for PBXProject "iTTY" */;
			compatibilityVersion = "Xcode 14.0";
			developmentRegion = en;
			hasScannedForEncodings = 0;
			knownRegions = (
				Base,
				en,
			);
			mainGroup = 12F84E078BA9499A16352D4C;
			minimizedProjectReferenceProxies = 1;
			packageReferences = (
				6ED072618E49DD977159EEC4 /* XCRemoteSwiftPackageReference "swift-nio-ssh" */,
				09B838C7C0EBBF8C3DA077C1 /* XCRemoteSwiftPackageReference "swift-nio-transport-services" */,
			);
			preferredProjectObjectVersion = 54;
			projectDirPath = "";
			projectRoot = "";
			targets = (
				DA276B6CF8109A09538E2D36 /* iTTY */,
				F793C30F6513EED954D25C48 /* iTTYTests */,
				F2562D3D4CA77429DDC96635 /* iTTYUITests */,
			);
		};
/* End PBXProject section */

/* Begin PBXSourcesBuildPhase section */
		8872FB46A937F33898F68716 /* Sources */ = {
			isa = PBXSourcesBuildPhase;
			buildActionMask = 2147483647;
			files = (
				CCD6623388D3675373D8ADE8 /* BackgroundTaskTests.swift in Sources */,
				24D9B6AD4AF825992D8680E8 /* BonjourBrowserTests.swift in Sources */,
				EAF4B5FEA709ADD3E069640F /* CommandPaletteTests.swift in Sources */,
				0854EC4CE6F91C4C861F40FC /* ConfigIntrospectionTests.swift in Sources */,
				85D9EC4AD5FEAFC5065CAE8F /* ConfigSyncThemeTests.swift in Sources */,
				4FC86A379F48DFC5772B9399 /* ConnectionProfileTests.swift in Sources */,
				4E4CDBB12CE48E0E2A17526E /* DaemonClientTests.swift in Sources */,
				BC063ABE4A330B2A25FE06EC /* FontMappingTests.swift in Sources */,
				0CCDAA28F76EA27A498FD1CF /* GhosttyInputTests.swift in Sources */,
				28A52FE031C352ED39A554F1 /* KeychainManagerTests.swift in Sources */,
				29BCBEACFB28B26A837B5DE9 /* KeychainTestSupport.swift in Sources */,
				D10EC33A58D968732993339A /* MachineStoreTests.swift in Sources */,
				53B107BC877060B1A47324FB /* MockSSHSessionDelegate.swift in Sources */,
				F92C96203F070688873F9CF9 /* MockTmuxSurface.swift in Sources */,
				3E664B6B26CF409C4007FF34 /* ResizeTimingTests.swift in Sources */,
				8B70171A190D81A02C94A143 /* SSHKeyManagerTests.swift in Sources */,
				CF5925005E301BC240055AC4 /* SSHKeyParserTests.swift in Sources */,
				D0415FB9B37173288BB07FFD /* SelectionOverlayTests.swift in Sources */,
				1F3ACBDAFA9727945984B48D /* SessionBrowserViewModelTests.swift in Sources */,
				4A7E71D439AB944DB59E833E /* TailscaleDiscoveryServiceTests.swift in Sources */,
				7F271273E289BCAD1B540CC1 /* TmuxConnectionLifecycleTests.swift in Sources */,
				0C63640E65D572A0343EB779 /* TmuxDataFlowTests.swift in Sources */,
				633701A94E8CE4697E85887B /* TmuxLayoutTests.swift in Sources */,
				0A37153A92A17617EB5BB322 /* TmuxModelsTests.swift in Sources */,
				AD02EA55E03325B51E1F8A71 /* TmuxSessionManagerTests.swift in Sources */,
				97EC3F7BE5BEB5F7D030EE75 /* TmuxSessionNameResolverTests.swift in Sources */,
				152E8603138FA36ECA54127D /* TmuxSplitTreeTests.swift in Sources */,
				ED027CC62E00C71681AF5DC0 /* TmuxStateReconciliationTests.swift in Sources */,
				309A40C9D19D662CC3734A70 /* TmuxViewerReadyTests.swift in Sources */,
				5DA5494FEDF42F21095B8BC1 /* TmuxWireDiagnosticsTests.swift in Sources */,
			);
			runOnlyForDeploymentPostprocessing = 0;
		};
		BF38DFA4DC08C3561E1FFABB /* Sources */ = {
			isa = PBXSourcesBuildPhase;
			buildActionMask = 2147483647;
			files = (
				49FDD43C440092A5A6B1EEB6 /* AddMachineView.swift in Sources */,
				8CDB4BDBF72EED50E81513C9 /* BiometricGatekeeper.swift in Sources */,
				77418DA2D5E2ABFD93255FDA /* BonjourBrowser.swift in Sources */,
				E73712E78BC0AF639D297A91 /* CommandPalette.swift in Sources */,
				45F2BA6653EE95F643054ED8 /* Commands.swift in Sources */,
				8249CE2502A9E6DAFD5B09FA /* ConfigSyncManager.swift in Sources */,
				0A9959AB04D8C9BF23AE4897 /* ConnectionEditorView.swift in Sources */,
				E6BBB2A4EAD876EA8B4AFE34 /* ConnectionHealthIndicator.swift in Sources */,
				FE109D2A5EA182345189F04F /* ConnectionListView.swift in Sources */,
				3C89BFFF4797E17FF828696C /* ConnectionProfile.swift in Sources */,
				6A0A55C35FC72B28D5B0C959 /* ContentView.swift in Sources */,
				3F5AD3D2B8E619C9117614FF /* CredentialProvider.swift in Sources */,
				A74775B6CC05505CFD310DC0 /* DaemonClient.swift in Sources */,
				3ACCAE952A09752E58CF2DF0 /* DaemonEventStream.swift in Sources */,
				5C82F79B585FB2E7FAC5F63F /* FontMapping.swift in Sources */,
				3A23D94CA7B759F6247C473B /* GhosttyConfig.swift in Sources */,
				4D4425B1D24B7FFC7568FA61 /* GhosttyRuntime.swift in Sources */,
				D314200292C4195ECD8CBD4A /* InputTranslation.swift in Sources */,
				B48DFE212E2C8B5BBD279A53 /* KeyTableIndicator.swift in Sources */,
				ECED2513E47CC98D57DB801C /* Keyboard.swift in Sources */,
				99F2E9E7BA9BCB349DFBC5AF /* KeychainManager.swift in Sources */,
				F15149A1F6D14D6BD77D153A /* Machine.swift in Sources */,
				4ED4B65ADB7DCF263CBF6422 /* MachineListView.swift in Sources */,
				5A506947361CFB25627BEEC9 /* MenuBar.swift in Sources */,
				265EC84EC49FAC58AE7D3757 /* MultiPaneView.swift in Sources */,
				814CF15FEF95B8A64A1EAA8C /* NIOSSHConnection.swift in Sources */,
				54C67C0DAF0F4A446A87644B /* NotificationManager.swift in Sources */,
				0E32037502AB4850A9CBDFB6 /* RuntimeEnvironment.swift in Sources */,
				8EEE5B8EEBEB733EE929CA16 /* SSHCommandRunner.swift in Sources */,
				B3D8F403829EEAC6F9ACCA99 /* SSHKeyManager.swift in Sources */,
				37CADB2B79A96450D7DB0BD4 /* SSHKeyParser.swift in Sources */,
				F104F16C7D27FB9948D8EF1B /* SSHSession.swift in Sources */,
				95887147A839A82C76FAACA5 /* SavedSession.swift in Sources */,
				C6CBEE1601F40B3EFA7F614D /* Search.swift in Sources */,
				C00A0001F20E373D95EC2CF5 /* SearchOverlay.swift in Sources */,
				889944CF4A14831F6FB966FC /* SearchState.swift in Sources */,
				E1BEAAD10DFD7C155AC0440E /* SelectionOverlay.swift in Sources */,
				02E9098CF397AA83449E9470 /* SessionBrowserView.swift in Sources */,
				E517435C31F402DCFDAF323C /* SessionPickerView.swift in Sources */,
				343380E3F59CCFA912AB22F6 /* SessionRowView.swift in Sources */,
				141EFABA13E3DDD338CD50AE /* SettingsView.swift in Sources */,
				243EF1656AD4FE840B9F7C87 /* Shortcuts.swift in Sources */,
				2218304C72E9720098831043 /* SplitView.swift in Sources */,
				EFD9C5242AE7B6E14F735CC7 /* StatusBar.swift in Sources */,
				9799D3F3CA00D47C5630C090 /* StatusBarView.swift in Sources */,
				30515F125F694451659E0A44 /* SurfaceConfiguration.swift in Sources */,
				002BD0B8759AFD7D9FF0722D /* SurfaceView.swift in Sources */,
				305A350CF79D13A74EB7EE57 /* TailscaleDiscoveryService.swift in Sources */,
				CA3A6BD11F7F9F5E372783E7 /* TailscaleDiscoveryView.swift in Sources */,
				6D1209E2022E0529B84C7726 /* TailscaleVPNDetector.swift in Sources */,
				672EB1B91D80599502880149 /* TerminalContainerView.swift in Sources */,
				1C3C642D1BF33B03B997A3A7 /* ThemeManager.swift in Sources */,
				1B3B0ADFFA67D6A16263570C /* TmuxLayout.swift in Sources */,
				AD912E1FEBC7192EFDD9D027 /* TmuxModels.swift in Sources */,
				BEE24F566A045AB166A65074 /* TmuxPane.swift in Sources */,
				A0D26D177CD79839479DDDBB /* TmuxSessionManager.swift in Sources */,
				5D3A1F1DB701288508205279 /* TmuxSessionNameResolver.swift in Sources */,
				AF67CAAAD3D9289F5D781CF8 /* TmuxSplitTree.swift in Sources */,
				F17E3ABA7F93EE513358F3DB /* TmuxSurfaceProtocol.swift in Sources */,
				EC982D37B3B29F4B61E9F83C /* TmuxWireDiagnostics.swift in Sources */,
				44C1247C4B7B29AF9639B2D9 /* Toolbar.swift in Sources */,
				145C16CC1EA8BF3D1F952F6C /* WindowPicker.swift in Sources */,
				160AC8E8E30996F5F014D96F /* WindowPickerView.swift in Sources */,
				1C9BD93025195197EA1C55F9 /* iTTYApp.swift in Sources */,
			);
			runOnlyForDeploymentPostprocessing = 0;
		};
		ECAF389F5E7056CCEBCC2805 /* Sources */ = {
			isa = PBXSourcesBuildPhase;
			buildActionMask = 2147483647;
			files = (
				44795F46C9B3B10A9E1F39F4 /* CommandPaletteTests.swift in Sources */,
				7857C966F0EAF8EC2B244060 /* ConnectedTests.swift in Sources */,
				10E5843EC57C12B4F0AF7896 /* ConnectionEditorTests.swift in Sources */,
				0BB178B325F45FFAC93FBDB7 /* ConnectionEditorValidationTests.swift in Sources */,
				FB73E08EA1B6017006DCE215 /* ConnectionListTests.swift in Sources */,
				3928263C31980A8163B4B9D7 /* ErrorViewTests.swift in Sources */,
				12396D23475EB9CD3F9F9335 /* FontPickerTests.swift in Sources */,
				128F3C170386946639CD9C4D /* FontSizeTests.swift in Sources */,
				1E3F6E2EDC1BA2C6804CCF19 /* KeyboardShortcutRoutingTests.swift in Sources */,
				7A5AA906F5F9B27DAB90F173 /* LaunchTests.swift in Sources */,
				D3B24F0FE3670446F2C99DF4 /* LayoutStabilityTests.swift in Sources */,
				FAB8036659AB8736A96BFCF3 /* MenuBarTests.swift in Sources */,
				1D729C3624EA08976526668A /* OrientationTests.swift in Sources */,
				425B43BDE80E96DCB5CC7A57 /* ProfileCRUDTests.swift in Sources */,
				B50587FF9E9151E59626C20B /* QuickConnectInlineTests.swift in Sources */,
				6E8D2AF0963D18B64973DBEB /* QuickConnectSheetTests.swift in Sources */,
				47AAEFBEC7CFBA79DF9EF3BD /* SSHKeyGeneratorTests.swift in Sources */,
				9D4DCC92D758D7109D25C2DA /* SSHKeyManagerTests.swift in Sources */,
				87CB43981BF29D86D9056E92 /* SearchTests.swift in Sources */,
				D52D85E85666F70FA77E3B3F /* SettingsTests.swift in Sources */,
				4285B0225672B7E4836695FD /* SettingsValueChangeTests.swift in Sources */,
				CAE951967370BBDCB85FDF96 /* SplitPaneTests.swift in Sources */,
				DFE4CBDD333A14EF782F2827 /* StressTests.swift in Sources */,
				6F5A4A21A9D0C952AE79D3A8 /* TerminalBasicTests.swift in Sources */,
				492AD8F2CEF860D462E01C1A /* TestConfig.example.swift in Sources */,
				72FD0849D38E3BE937C00E37 /* ThemePickerTests.swift in Sources */,
				C472273F6A6B251C74F8E9DC /* TmuxPaneUITests.swift in Sources */,
				0446266D60A86FE9DEA4267B /* TmuxSizingDebugTests.swift in Sources */,
				0EE0F2378D1F26868D18711B /* TmuxWindowTests.swift in Sources */,
				0E1610528605EBC7432E6394 /* ToolbarTests.swift in Sources */,
				2FFEB44AB48BA6921467BB49 /* UITestHelpers.swift in Sources */,
				C45297F70F13CD822EF1C569 /* iTTYUITests.swift in Sources */,
			);
			runOnlyForDeploymentPostprocessing = 0;
		};
/* End PBXSourcesBuildPhase section */

/* Begin PBXTargetDependency section */
		66F7189DF5771250F5485DBD /* PBXTargetDependency */ = {
			isa = PBXTargetDependency;
			target = DA276B6CF8109A09538E2D36 /* iTTY */;
			targetProxy = 8A11B62E3B79A2013EFDD193 /* PBXContainerItemProxy */;
		};
		8FA7E682F1B164544A0C668A /* PBXTargetDependency */ = {
			isa = PBXTargetDependency;
			target = DA276B6CF8109A09538E2D36 /* iTTY */;
			targetProxy = 2736A854EA1171520C8F9339 /* PBXContainerItemProxy */;
		};
/* End PBXTargetDependency section */

/* Begin XCBuildConfiguration section */
		130AE176C386E4A5A5827806 /* Debug */ = {
			isa = XCBuildConfiguration;
			buildSettings = {
				ASSETCATALOG_COMPILER_APPICON_NAME = AppIcon;
				CODE_SIGN_ENTITLEMENTS = iTTY/iTTY.entitlements;
				CODE_SIGN_IDENTITY = "iPhone Developer";
				CURRENT_PROJECT_VERSION = 1;
				"EXCLUDED_ARCHS[sdk=iphonesimulator*]" = x86_64;
				FRAMEWORK_SEARCH_PATHS = (
					"$(inherited)",
					"$(PROJECT_DIR)/iTTY/Frameworks",
					"\"iTTY/Frameworks\"",
				);
				INFOPLIST_FILE = iTTY/Info.plist;
				LD_RUNPATH_SEARCH_PATHS = (
					"$(inherited)",
					"@executable_path/Frameworks",
				);
				MARKETING_VERSION = 0.1.0;
				OTHER_LDFLAGS = "$(inherited) -lc++";
				"OTHER_SWIFT_FLAGS[sdk=iphoneos*]" = "-Xcc -fmodule-map-file=$(PROJECT_DIR)/iTTY/Frameworks/GhosttyKit.xcframework/ios-arm64/Headers/GhosttyKit.modulemap";
				"OTHER_SWIFT_FLAGS[sdk=iphonesimulator*]" = "-Xcc -fmodule-map-file=$(PROJECT_DIR)/iTTY/Frameworks/GhosttyKit.xcframework/ios-arm64-simulator/Headers/GhosttyKit.modulemap";
				PRODUCT_BUNDLE_IDENTIFIER = com.itty.app;
				SDKROOT = iphoneos;
				"SWIFT_INCLUDE_PATHS[sdk=iphoneos*]" = "$(PROJECT_DIR)/iTTY/Frameworks/GhosttyKit.xcframework/ios-arm64/Headers";
				"SWIFT_INCLUDE_PATHS[sdk=iphonesimulator*]" = "$(PROJECT_DIR)/iTTY/Frameworks/GhosttyKit.xcframework/ios-arm64-simulator/Headers";
				SWIFT_VERSION = 5.0;
				TARGETED_DEVICE_FAMILY = "1,2";
			};
			name = Debug;
		};
		2A9101CB1C42C7CEF8A231B4 /* Release */ = {
			isa = XCBuildConfiguration;
			buildSettings = {
				ALWAYS_SEARCH_USER_PATHS = NO;
				CLANG_ANALYZER_NONNULL = YES;
				CLANG_ANALYZER_NUMBER_OBJECT_CONVERSION = YES_AGGRESSIVE;
				CLANG_CXX_LANGUAGE_STANDARD = "gnu++14";
				CLANG_CXX_LIBRARY = "libc++";
				CLANG_ENABLE_MODULES = YES;
				CLANG_ENABLE_OBJC_ARC = YES;
				CLANG_ENABLE_OBJC_WEAK = YES;
				CLANG_WARN_BLOCK_CAPTURE_AUTORELEASING = YES;
				CLANG_WARN_BOOL_CONVERSION = YES;
				CLANG_WARN_COMMA = YES;
				CLANG_WARN_CONSTANT_CONVERSION = YES;
				CLANG_WARN_DEPRECATED_OBJC_IMPLEMENTATIONS = YES;
				CLANG_WARN_DIRECT_OBJC_ISA_USAGE = YES_ERROR;
				CLANG_WARN_DOCUMENTATION_COMMENTS = YES;
				CLANG_WARN_EMPTY_BODY = YES;
				CLANG_WARN_ENUM_CONVERSION = YES;
				CLANG_WARN_INFINITE_RECURSION = YES;
				CLANG_WARN_INT_CONVERSION = YES;
				CLANG_WARN_NON_LITERAL_NULL_CONVERSION = YES;
				CLANG_WARN_OBJC_IMPLICIT_RETAIN_SELF = YES;
				CLANG_WARN_OBJC_LITERAL_CONVERSION = YES;
				CLANG_WARN_OBJC_ROOT_CLASS = YES_ERROR;
				CLANG_WARN_QUOTED_INCLUDE_IN_FRAMEWORK_HEADER = YES;
				CLANG_WARN_RANGE_LOOP_ANALYSIS = YES;
				CLANG_WARN_STRICT_PROTOTYPES = YES;
				CLANG_WARN_SUSPICIOUS_MOVE = YES;
				CLANG_WARN_UNGUARDED_AVAILABILITY = YES_AGGRESSIVE;
				CLANG_WARN_UNREACHABLE_CODE = YES;
				CLANG_WARN__DUPLICATE_METHOD_MATCH = YES;
				COPY_PHASE_STRIP = NO;
				DEBUG_INFORMATION_FORMAT = "dwarf-with-dsym";
				ENABLE_NS_ASSERTIONS = NO;
				ENABLE_STRICT_OBJC_MSGSEND = YES;
				GCC_C_LANGUAGE_STANDARD = gnu11;
				GCC_NO_COMMON_BLOCKS = YES;
				GCC_WARN_64_TO_32_BIT_CONVERSION = YES;
				GCC_WARN_ABOUT_RETURN_TYPE = YES_ERROR;
				GCC_WARN_UNDECLARED_SELECTOR = YES;
				GCC_WARN_UNINITIALIZED_AUTOS = YES_AGGRESSIVE;
				GCC_WARN_UNUSED_FUNCTION = YES;
				GCC_WARN_UNUSED_VARIABLE = YES;
				IPHONEOS_DEPLOYMENT_TARGET = 17.0;
				MTL_ENABLE_DEBUG_INFO = NO;
				MTL_FAST_MATH = YES;
				PRODUCT_NAME = "$(TARGET_NAME)";
				SDKROOT = iphoneos;
				SWIFT_COMPILATION_MODE = wholemodule;
				SWIFT_OPTIMIZATION_LEVEL = "-O";
				SWIFT_VERSION = 5.0;
			};
			name = Release;
		};
		68BE4EEB31A090B2C77ABF51 /* Debug */ = {
			isa = XCBuildConfiguration;
			buildSettings = {
				ALWAYS_SEARCH_USER_PATHS = NO;
				CLANG_ANALYZER_NONNULL = YES;
				CLANG_ANALYZER_NUMBER_OBJECT_CONVERSION = YES_AGGRESSIVE;
				CLANG_CXX_LANGUAGE_STANDARD = "gnu++14";
				CLANG_CXX_LIBRARY = "libc++";
				CLANG_ENABLE_MODULES = YES;
				CLANG_ENABLE_OBJC_ARC = YES;
				CLANG_ENABLE_OBJC_WEAK = YES;
				CLANG_WARN_BLOCK_CAPTURE_AUTORELEASING = YES;
				CLANG_WARN_BOOL_CONVERSION = YES;
				CLANG_WARN_COMMA = YES;
				CLANG_WARN_CONSTANT_CONVERSION = YES;
				CLANG_WARN_DEPRECATED_OBJC_IMPLEMENTATIONS = YES;
				CLANG_WARN_DIRECT_OBJC_ISA_USAGE = YES_ERROR;
				CLANG_WARN_DOCUMENTATION_COMMENTS = YES;
				CLANG_WARN_EMPTY_BODY = YES;
				CLANG_WARN_ENUM_CONVERSION = YES;
				CLANG_WARN_INFINITE_RECURSION = YES;
				CLANG_WARN_INT_CONVERSION = YES;
				CLANG_WARN_NON_LITERAL_NULL_CONVERSION = YES;
				CLANG_WARN_OBJC_IMPLICIT_RETAIN_SELF = YES;
				CLANG_WARN_OBJC_LITERAL_CONVERSION = YES;
				CLANG_WARN_OBJC_ROOT_CLASS = YES_ERROR;
				CLANG_WARN_QUOTED_INCLUDE_IN_FRAMEWORK_HEADER = YES;
				CLANG_WARN_RANGE_LOOP_ANALYSIS = YES;
				CLANG_WARN_STRICT_PROTOTYPES = YES;
				CLANG_WARN_SUSPICIOUS_MOVE = YES;
				CLANG_WARN_UNGUARDED_AVAILABILITY = YES_AGGRESSIVE;
				CLANG_WARN_UNREACHABLE_CODE = YES;
				CLANG_WARN__DUPLICATE_METHOD_MATCH = YES;
				COPY_PHASE_STRIP = NO;
				DEBUG_INFORMATION_FORMAT = dwarf;
				ENABLE_STRICT_OBJC_MSGSEND = YES;
				ENABLE_TESTABILITY = YES;
				GCC_C_LANGUAGE_STANDARD = gnu11;
				GCC_DYNAMIC_NO_PIC = NO;
				GCC_NO_COMMON_BLOCKS = YES;
				GCC_OPTIMIZATION_LEVEL = 0;
				GCC_PREPROCESSOR_DEFINITIONS = (
					"$(inherited)",
					"DEBUG=1",
				);
				GCC_WARN_64_TO_32_BIT_CONVERSION = YES;
				GCC_WARN_ABOUT_RETURN_TYPE = YES_ERROR;
				GCC_WARN_UNDECLARED_SELECTOR = YES;
				GCC_WARN_UNINITIALIZED_AUTOS = YES_AGGRESSIVE;
				GCC_WARN_UNUSED_FUNCTION = YES;
				GCC_WARN_UNUSED_VARIABLE = YES;
				IPHONEOS_DEPLOYMENT_TARGET = 17.0;
				MTL_ENABLE_DEBUG_INFO = INCLUDE_SOURCE;
				MTL_FAST_MATH = YES;
				ONLY_ACTIVE_ARCH = YES;
				PRODUCT_NAME = "$(TARGET_NAME)";
				SDKROOT = iphoneos;
				SWIFT_ACTIVE_COMPILATION_CONDITIONS = DEBUG;
				SWIFT_OPTIMIZATION_LEVEL = "-Onone";
				SWIFT_VERSION = 5.0;
			};
			name = Debug;
		};
		945D89C35191DD04688FE54E /* Release */ = {
			isa = XCBuildConfiguration;
			buildSettings = {
				ASSETCATALOG_COMPILER_APPICON_NAME = AppIcon;
				CODE_SIGN_ENTITLEMENTS = iTTY/iTTY.entitlements;
				CODE_SIGN_IDENTITY = "iPhone Developer";
				CURRENT_PROJECT_VERSION = 1;
				"EXCLUDED_ARCHS[sdk=iphonesimulator*]" = x86_64;
				FRAMEWORK_SEARCH_PATHS = (
					"$(inherited)",
					"$(PROJECT_DIR)/iTTY/Frameworks",
					"\"iTTY/Frameworks\"",
				);
				INFOPLIST_FILE = iTTY/Info.plist;
				LD_RUNPATH_SEARCH_PATHS = (
					"$(inherited)",
					"@executable_path/Frameworks",
				);
				MARKETING_VERSION = 0.1.0;
				OTHER_LDFLAGS = "$(inherited) -lc++";
				"OTHER_SWIFT_FLAGS[sdk=iphoneos*]" = "-Xcc -fmodule-map-file=$(PROJECT_DIR)/iTTY/Frameworks/GhosttyKit.xcframework/ios-arm64/Headers/GhosttyKit.modulemap";
				"OTHER_SWIFT_FLAGS[sdk=iphonesimulator*]" = "-Xcc -fmodule-map-file=$(PROJECT_DIR)/iTTY/Frameworks/GhosttyKit.xcframework/ios-arm64-simulator/Headers/GhosttyKit.modulemap";
				PRODUCT_BUNDLE_IDENTIFIER = com.itty.app;
				SDKROOT = iphoneos;
				"SWIFT_INCLUDE_PATHS[sdk=iphoneos*]" = "$(PROJECT_DIR)/iTTY/Frameworks/GhosttyKit.xcframework/ios-arm64/Headers";
				"SWIFT_INCLUDE_PATHS[sdk=iphonesimulator*]" = "$(PROJECT_DIR)/iTTY/Frameworks/GhosttyKit.xcframework/ios-arm64-simulator/Headers";
				SWIFT_VERSION = 5.0;
				TARGETED_DEVICE_FAMILY = "1,2";
			};
			name = Release;
		};
		BE3B6EBB331E5834FD1F7D69 /* Debug */ = {
			isa = XCBuildConfiguration;
			buildSettings = {
				BUNDLE_LOADER = "$(TEST_HOST)";
				"EXCLUDED_ARCHS[sdk=iphonesimulator*]" = x86_64;
				GENERATE_INFOPLIST_FILE = YES;
				LD_RUNPATH_SEARCH_PATHS = (
					"$(inherited)",
					"@executable_path/Frameworks",
					"@loader_path/Frameworks",
				);
				PRODUCT_BUNDLE_IDENTIFIER = com.itty.uitests;
				SDKROOT = iphoneos;
				SWIFT_VERSION = 5.0;
				TARGETED_DEVICE_FAMILY = "1,2";
				TEST_TARGET_NAME = iTTY;
			};
			name = Debug;
		};
		C2A32F272DEFB5D50550E0F1 /* Release */ = {
			isa = XCBuildConfiguration;
			buildSettings = {
				BUNDLE_LOADER = "$(TEST_HOST)";
				"EXCLUDED_ARCHS[sdk=iphonesimulator*]" = x86_64;
				GENERATE_INFOPLIST_FILE = YES;
				LD_RUNPATH_SEARCH_PATHS = (
					"$(inherited)",
					"@executable_path/Frameworks",
					"@loader_path/Frameworks",
				);
				PRODUCT_BUNDLE_IDENTIFIER = com.itty.uitests;
				SDKROOT = iphoneos;
				SWIFT_VERSION = 5.0;
				TARGETED_DEVICE_FAMILY = "1,2";
				TEST_TARGET_NAME = iTTY;
			};
			name = Release;
		};
		EF4200FA8371EA83B6FA182E /* Release */ = {
			isa = XCBuildConfiguration;
			buildSettings = {
				BUNDLE_LOADER = "$(TEST_HOST)";
				"EXCLUDED_ARCHS[sdk=iphonesimulator*]" = x86_64;
				FRAMEWORK_SEARCH_PATHS = (
					"$(inherited)",
					"$(PROJECT_DIR)/iTTY/Frameworks",
				);
				GENERATE_INFOPLIST_FILE = YES;
				"HEADER_SEARCH_PATHS[sdk=iphoneos*]" = (
					"$(inherited)",
					"$(PROJECT_DIR)/iTTY/Frameworks/GhosttyKit.xcframework/ios-arm64/Headers",
				);
				"HEADER_SEARCH_PATHS[sdk=iphonesimulator*]" = (
					"$(inherited)",
					"$(PROJECT_DIR)/iTTY/Frameworks/GhosttyKit.xcframework/ios-arm64-simulator/Headers",
				);
				LD_RUNPATH_SEARCH_PATHS = (
					"$(inherited)",
					"@executable_path/Frameworks",
					"@loader_path/Frameworks",
				);
				"OTHER_SWIFT_FLAGS[sdk=iphoneos*]" = "-Xcc -fmodule-map-file=$(PROJECT_DIR)/iTTY/Frameworks/GhosttyKit.xcframework/ios-arm64/Headers/GhosttyKit.modulemap";
				"OTHER_SWIFT_FLAGS[sdk=iphonesimulator*]" = "-Xcc -fmodule-map-file=$(PROJECT_DIR)/iTTY/Frameworks/GhosttyKit.xcframework/ios-arm64-simulator/Headers/GhosttyKit.modulemap";
				PRODUCT_BUNDLE_IDENTIFIER = com.itty.tests;
				SDKROOT = iphoneos;
				"SWIFT_INCLUDE_PATHS[sdk=iphoneos*]" = (
					"$(inherited)",
					"$(PROJECT_DIR)/iTTY/Frameworks/GhosttyKit.xcframework/ios-arm64/Headers",
				);
				"SWIFT_INCLUDE_PATHS[sdk=iphonesimulator*]" = (
					"$(inherited)",
					"$(PROJECT_DIR)/iTTY/Frameworks/GhosttyKit.xcframework/ios-arm64-simulator/Headers",
				);
				SWIFT_VERSION = 5.0;
				TARGETED_DEVICE_FAMILY = "1,2";
				TEST_HOST = "$(BUILT_PRODUCTS_DIR)/iTTY.app/$(BUNDLE_EXECUTABLE_FOLDER_PATH)/iTTY";
			};
			name = Release;
		};
		FE2CAEB4D29BA6AE8A0A5961 /* Debug */ = {
			isa = XCBuildConfiguration;
			buildSettings = {
				BUNDLE_LOADER = "$(TEST_HOST)";
				"EXCLUDED_ARCHS[sdk=iphonesimulator*]" = x86_64;
				FRAMEWORK_SEARCH_PATHS = (
					"$(inherited)",
					"$(PROJECT_DIR)/iTTY/Frameworks",
				);
				GENERATE_INFOPLIST_FILE = YES;
				"HEADER_SEARCH_PATHS[sdk=iphoneos*]" = (
					"$(inherited)",
					"$(PROJECT_DIR)/iTTY/Frameworks/GhosttyKit.xcframework/ios-arm64/Headers",
				);
				"HEADER_SEARCH_PATHS[sdk=iphonesimulator*]" = (
					"$(inherited)",
					"$(PROJECT_DIR)/iTTY/Frameworks/GhosttyKit.xcframework/ios-arm64-simulator/Headers",
				);
				LD_RUNPATH_SEARCH_PATHS = (
					"$(inherited)",
					"@executable_path/Frameworks",
					"@loader_path/Frameworks",
				);
				"OTHER_SWIFT_FLAGS[sdk=iphoneos*]" = "-Xcc -fmodule-map-file=$(PROJECT_DIR)/iTTY/Frameworks/GhosttyKit.xcframework/ios-arm64/Headers/GhosttyKit.modulemap";
				"OTHER_SWIFT_FLAGS[sdk=iphonesimulator*]" = "-Xcc -fmodule-map-file=$(PROJECT_DIR)/iTTY/Frameworks/GhosttyKit.xcframework/ios-arm64-simulator/Headers/GhosttyKit.modulemap";
				PRODUCT_BUNDLE_IDENTIFIER = com.itty.tests;
				SDKROOT = iphoneos;
				"SWIFT_INCLUDE_PATHS[sdk=iphoneos*]" = (
					"$(inherited)",
					"$(PROJECT_DIR)/iTTY/Frameworks/GhosttyKit.xcframework/ios-arm64/Headers",
				);
				"SWIFT_INCLUDE_PATHS[sdk=iphonesimulator*]" = (
					"$(inherited)",
					"$(PROJECT_DIR)/iTTY/Frameworks/GhosttyKit.xcframework/ios-arm64-simulator/Headers",
				);
				SWIFT_VERSION = 5.0;
				TARGETED_DEVICE_FAMILY = "1,2";
				TEST_HOST = "$(BUILT_PRODUCTS_DIR)/iTTY.app/$(BUNDLE_EXECUTABLE_FOLDER_PATH)/iTTY";
			};
			name = Debug;
		};
/* End XCBuildConfiguration section */

/* Begin XCConfigurationList section */
		24CD2C652B3D1929171D7FC0 /* Build configuration list for PBXNativeTarget "iTTYUITests" */ = {
			isa = XCConfigurationList;
			buildConfigurations = (
				BE3B6EBB331E5834FD1F7D69 /* Debug */,
				C2A32F272DEFB5D50550E0F1 /* Release */,
			);
			defaultConfigurationIsVisible = 0;
			defaultConfigurationName = Debug;
		};
		76E135EB22BE07F12F902CAB /* Build configuration list for PBXNativeTarget "iTTY" */ = {
			isa = XCConfigurationList;
			buildConfigurations = (
				130AE176C386E4A5A5827806 /* Debug */,
				945D89C35191DD04688FE54E /* Release */,
			);
			defaultConfigurationIsVisible = 0;
			defaultConfigurationName = Debug;
		};
		90131255A34D630D1AB88A69 /* Build configuration list for PBXProject "iTTY" */ = {
			isa = XCConfigurationList;
			buildConfigurations = (
				68BE4EEB31A090B2C77ABF51 /* Debug */,
				2A9101CB1C42C7CEF8A231B4 /* Release */,
			);
			defaultConfigurationIsVisible = 0;
			defaultConfigurationName = Debug;
		};
		E5E50235FB8C1A2219CD1744 /* Build configuration list for PBXNativeTarget "iTTYTests" */ = {
			isa = XCConfigurationList;
			buildConfigurations = (
				FE2CAEB4D29BA6AE8A0A5961 /* Debug */,
				EF4200FA8371EA83B6FA182E /* Release */,
			);
			defaultConfigurationIsVisible = 0;
			defaultConfigurationName = Debug;
		};
/* End XCConfigurationList section */

/* Begin XCRemoteSwiftPackageReference section */
		09B838C7C0EBBF8C3DA077C1 /* XCRemoteSwiftPackageReference "swift-nio-transport-services" */ = {
			isa = XCRemoteSwiftPackageReference;
			repositoryURL = "https://github.com/apple/swift-nio-transport-services.git";
			requirement = {
				kind = upToNextMajorVersion;
				minimumVersion = 1.20.0;
			};
		};
		6ED072618E49DD977159EEC4 /* XCRemoteSwiftPackageReference "swift-nio-ssh" */ = {
			isa = XCRemoteSwiftPackageReference;
			repositoryURL = "https://github.com/daiimus/swift-nio-ssh.git";
			requirement = {
				branch = "add-rsa-support";
				kind = branch;
			};
		};
/* End XCRemoteSwiftPackageReference section */

/* Begin XCSwiftPackageProductDependency section */
		9891D0232BB27D4D0F7FDD68 /* NIOSSH */ = {
			isa = XCSwiftPackageProductDependency;
			package = 6ED072618E49DD977159EEC4 /* XCRemoteSwiftPackageReference "swift-nio-ssh" */;
			productName = NIOSSH;
		};
		A512D79691507DF751CF6117 /* NIOTransportServices */ = {
			isa = XCSwiftPackageProductDependency;
			package = 09B838C7C0EBBF8C3DA077C1 /* XCRemoteSwiftPackageReference "swift-nio-transport-services" */;
			productName = NIOTransportServices;
		};
/* End XCSwiftPackageProductDependency section */
	};
	rootObject = BE9A731A400C400490F553C2 /* Project object */;
}
